
Microsoft Visual Studio Solution File, Format Version 12.00
# Visual Studio 14
VisualStudioVersion = 14.0.23107.0
MinimumVisualStudioVersion = 10.0.40219.1
Project("{FAE04EC0-301F-11D3-BF4B-00C04F79EFBC}") = "FloatBall", "FloatBall\FloatBall.csproj", "{23FD7A7F-68D3-44E9-B045-C444094F48A0}"
EndProject
Project("{FAE04EC0-301F-11D3-BF4B-00C04F79EFBC}") = "FlipView", "FlipView\FlipView.csproj", "{50BD3130-5739-4BA5-82B9-3DB727064914}"
EndProject
Project("{FAE04EC0-301F-11D3-BF4B-00C04F79EFBC}") = "DiscMenu", "DiscMenu\DiscMenu.csproj", "{DB89BEAF-FC0B-4A69-A8DF-BC8000B72113}"
EndProject
Project("{FAE04EC0-301F-11D3-BF4B-00C04F79EFBC}") = "Search", "Search\Search.csproj", "{5A85A670-048E-4009-9784-1C984FF13084}"
EndProject
Global
	GlobalSection(SolutionConfigurationPlatforms) = preSolution
		Debug|Any CPU = Debug|Any CPU
		Debug|ARM = Debug|ARM
		Debug|iPhone = Debug|iPhone
		Debug|iPhoneSimulator = Debug|iPhoneSimulator
		Debug|Mixed Platforms = Debug|Mixed Platforms
		Debug|x86 = Debug|x86
		Release|Any CPU = Release|Any CPU
		Release|ARM = Release|ARM
		Release|iPhone = Release|iPhone
		Release|iPhoneSimulator = Release|iPhoneSimulator
		Release|Mixed Platforms = Release|Mixed Platforms
		Release|x86 = Release|x86
	EndGlobalSection
	GlobalSection(ProjectConfigurationPlatforms) = postSolution
		{23FD7A7F-68D3-44E9-B045-C444094F48A0}.Debug|Any CPU.ActiveCfg = Debug|Any CPU
		{23FD7A7F-68D3-44E9-B045-C444094F48A0}.Debug|Any CPU.Build.0 = Debug|Any CPU
		{23FD7A7F-68D3-44E9-B045-C444094F48A0}.Debug|Any CPU.Deploy.0 = Debug|Any CPU
		{23FD7A7F-68D3-44E9-B045-C444094F48A0}.Debug|ARM.ActiveCfg = Debug|Any CPU
		{23FD7A7F-68D3-44E9-B045-C444094F48A0}.Debug|ARM.Build.0 = Debug|Any CPU
		{23FD7A7F-68D3-44E9-B045-C444094F48A0}.Debug|ARM.Deploy.0 = Debug|Any CPU
		{23FD7A7F-68D3-44E9-B045-C444094F48A0}.Debug|iPhone.ActiveCfg = Debug|Any CPU
		{23FD7A7F-68D3-44E9-B045-C444094F48A0}.Debug|iPhone.Build.0 = Debug|Any CPU
		{23FD7A7F-68D3-44E9-B045-C444094F48A0}.Debug|iPhone.Deploy.0 = Debug|Any CPU
		{23FD7A7F-68D3-44E9-B045-C444094F48A0}.Debug|iPhoneSimulator.ActiveCfg = Debug|Any CPU
		{23FD7A7F-68D3-44E9-B045-C444094F48A0}.Debug|iPhoneSimulator.Build.0 = Debug|Any CPU
		{23FD7A7F-68D3-44E9-B045-C444094F48A0}.Debug|iPhoneSimulator.Deploy.0 = Debug|Any CPU
		{23FD7A7F-68D3-44E9-B045-C444094F48A0}.Debug|Mixed Platforms.ActiveCfg = Debug|Any CPU
		{23FD7A7F-68D3-44E9-B045-C444094F48A0}.Debug|Mixed Platforms.Build.0 = Debug|Any CPU
		{23FD7A7F-68D3-44E9-B045-C444094F48A0}.Debug|Mixed Platforms.Deploy.0 = Debug|Any CPU
		{23FD7A7F-68D3-44E9-B045-C444094F48A0}.Debug|x86.ActiveCfg = Debug|Any CPU
		{23FD7A7F-68D3-44E9-B045-C444094F48A0}.Debug|x86.Build.0 = Debug|Any CPU
		{23FD7A7F-68D3-44E9-B045-C444094F48A0}.Debug|x86.Deploy.0 = Debug|Any CPU
		{23FD7A7F-68D3-44E9-B045-C444094F48A0}.Release|Any CPU.ActiveCfg = Release|Any CPU
		{23FD7A7F-68D3-44E9-B045-C444094F48A0}.Release|Any CPU.Build.0 = Release|Any CPU
		{23FD7A7F-68D3-44E9-B045-C444094F48A0}.Release|Any CPU.Deploy.0 = Release|Any CPU
		{23FD7A7F-68D3-44E9-B045-C444094F48A0}.Release|ARM.ActiveCfg = Release|Any CPU
		{23FD7A7F-68D3-44E9-B045-C444094F48A0}.Release|ARM.Build.0 = Release|Any CPU
		{23FD7A7F-68D3-44E9-B045-C444094F48A0}.Release|ARM.Deploy.0 = Release|Any CPU
		{23FD7A7F-68D3-44E9-B045-C444094F48A0}.Release|iPhone.ActiveCfg = Release|Any CPU
		{23FD7A7F-68D3-44E9-B045-C444094F48A0}.Release|iPhone.Build.0 = Release|Any CPU
		{23FD7A7F-68D3-44E9-B045-C444094F48A0}.Release|iPhone.Deploy.0 = Release|Any CPU
		{23FD7A7F-68D3-44E9-B045-C444094F48A0}.Release|iPhoneSimulator.ActiveCfg = Release|Any CPU
		{23FD7A7F-68D3-44E9-B045-C444094F48A0}.Release|iPhoneSimulator.Build.0 = Release|Any CPU
		{23FD7A7F-68D3-44E9-B045-C444094F48A0}.Release|iPhoneSimulator.Deploy.0 = Release|Any CPU
		{23FD7A7F-68D3-44E9-B045-C444094F48A0}.Release|Mixed Platforms.ActiveCfg = Release|Any CPU
		{23FD7A7F-68D3-44E9-B045-C444094F48A0}.Release|Mixed Platforms.Build.0 = Release|Any CPU
		{23FD7A7F-68D3-44E9-B045-C444094F48A0}.Release|Mixed Platforms.Deploy.0 = Release|Any CPU
		{23FD7A7F-68D3-44E9-B045-C444094F48A0}.Release|x86.ActiveCfg = Release|Any CPU
		{23FD7A7F-68D3-44E9-B045-C444094F48A0}.Release|x86.Build.0 = Release|Any CPU
		{23FD7A7F-68D3-44E9-B045-C444094F48A0}.Release|x86.Deploy.0 = Release|Any CPU
		{50BD3130-5739-4BA5-82B9-3DB727064914}.Debug|Any CPU.ActiveCfg = Debug|Any CPU
		{50BD3130-5739-4BA5-82B9-3DB727064914}.Debug|Any CPU.Build.0 = Debug|Any CPU
		{50BD3130-5739-4BA5-82B9-3DB727064914}.Debug|Any CPU.Deploy.0 = Debug|Any CPU
		{50BD3130-5739-4BA5-82B9-3DB727064914}.Debug|ARM.ActiveCfg = Debug|Any CPU
		{50BD3130-5739-4BA5-82B9-3DB727064914}.Debug|ARM.Build.0 = Debug|Any CPU
		{50BD3130-5739-4BA5-82B9-3DB727064914}.Debug|ARM.Deploy.0 = Debug|Any CPU
		{50BD3130-5739-4BA5-82B9-3DB727064914}.Debug|iPhone.ActiveCfg = Debug|Any CPU
		{50BD3130-5739-4BA5-82B9-3DB727064914}.Debug|iPhone.Build.0 = Debug|Any CPU
		{50BD3130-5739-4BA5-82B9-3DB727064914}.Debug|iPhone.Deploy.0 = Debug|Any CPU
		{50BD3130-5739-4BA5-82B9-3DB727064914}.Debug|iPhoneSimulator.ActiveCfg = Debug|Any CPU
		{50BD3130-5739-4BA5-82B9-3DB727064914}.Debug|iPhoneSimulator.Build.0 = Debug|Any CPU
		{50BD3130-5739-4BA5-82B9-3DB727064914}.Debug|iPhoneSimulator.Deploy.0 = Debug|Any CPU
		{50BD3130-5739-4BA5-82B9-3DB727064914}.Debug|Mixed Platforms.ActiveCfg = Debug|Any CPU
		{50BD3130-5739-4BA5-82B9-3DB727064914}.Debug|Mixed Platforms.Build.0 = Debug|Any CPU
		{50BD3130-5739-4BA5-82B9-3DB727064914}.Debug|Mixed Platforms.Deploy.0 = Debug|Any CPU
		{50BD3130-5739-4BA5-82B9-3DB727064914}.Debug|x86.ActiveCfg = Debug|Any CPU
		{50BD3130-5739-4BA5-82B9-3DB727064914}.Debug|x86.Build.0 = Debug|Any CPU
		{50BD3130-5739-4BA5-82B9-3DB727064914}.Debug|x86.Deploy.0 = Debug|Any CPU
		{50BD3130-5739-4BA5-82B9-3DB727064914}.Release|Any CPU.ActiveCfg = Release|Any CPU
		{50BD3130-5739-4BA5-82B9-3DB727064914}.Release|Any CPU.Build.0 = Release|Any CPU
		{50BD3130-5739-4BA5-82B9-3DB727064914}.Release|Any CPU.Deploy.0 = Release|Any CPU
		{50BD3130-5739-4BA5-82B9-3DB727064914}.Release|ARM.ActiveCfg = Release|Any CPU
		{50BD3130-5739-4BA5-82B9-3DB727064914}.Release|ARM.Build.0 = Release|Any CPU
		{50BD3130-5739-4BA5-82B9-3DB727064914}.Release|ARM.Deploy.0 = Release|Any CPU
		{50BD3130-5739-4BA5-82B9-3DB727064914}.Release|iPhone.ActiveCfg = Release|Any CPU
		{50BD3130-5739-4BA5-82B9-3DB727064914}.Release|iPhone.Build.0 = Release|Any CPU
		{50BD3130-5739-4BA5-82B9-3DB727064914}.Release|iPhone.Deploy.0 = Release|Any CPU
		{50BD3130-5739-4BA5-82B9-3DB727064914}.Release|iPhoneSimulator.ActiveCfg = Release|Any CPU
		{50BD3130-5739-4BA5-82B9-3DB727064914}.Release|iPhoneSimulator.Build.0 = Release|Any CPU
		{50BD3130-5739-4BA5-82B9-3DB727064914}.Release|iPhoneSimulator.Deploy.0 = Release|Any CPU
		{50BD3130-5739-4BA5-82B9-3DB727064914}.Release|Mixed Platforms.ActiveCfg = Release|Any CPU
		{50BD3130-5739-4BA5-82B9-3DB727064914}.Release|Mixed Platforms.Build.0 = Release|Any CPU
		{50BD3130-5739-4BA5-82B9-3DB727064914}.Release|Mixed Platforms.Deploy.0 = Release|Any CPU
		{50BD3130-5739-4BA5-82B9-3DB727064914}.Release|x86.ActiveCfg = Release|Any CPU
		{50BD3130-5739-4BA5-82B9-3DB727064914}.Release|x86.Build.0 = Release|Any CPU
		{50BD3130-5739-4BA5-82B9-3DB727064914}.Release|x86.Deploy.0 = Release|Any CPU
		{DB89BEAF-FC0B-4A69-A8DF-BC8000B72113}.Debug|Any CPU.ActiveCfg = Debug|Any CPU
		{DB89BEAF-FC0B-4A69-A8DF-BC8000B72113}.Debug|Any CPU.Build.0 = Debug|Any CPU
		{DB89BEAF-FC0B-4A69-A8DF-BC8000B72113}.Debug|Any CPU.Deploy.0 = Debug|Any CPU
		{DB89BEAF-FC0B-4A69-A8DF-BC8000B72113}.Debug|ARM.ActiveCfg = Debug|Any CPU
		{DB89BEAF-FC0B-4A69-A8DF-BC8000B72113}.Debug|ARM.Build.0 = Debug|Any CPU
		{DB89BEAF-FC0B-4A69-A8DF-BC8000B72113}.Debug|ARM.Deploy.0 = Debug|Any CPU
		{DB89BEAF-FC0B-4A69-A8DF-BC8000B72113}.Debug|iPhone.ActiveCfg = Debug|Any CPU
		{DB89BEAF-FC0B-4A69-A8DF-BC8000B72113}.Debug|iPhone.Build.0 = Debug|Any CPU
		{DB89BEAF-FC0B-4A69-A8DF-BC8000B72113}.Debug|iPhone.Deploy.0 = Debug|Any CPU
		{DB89BEAF-FC0B-4A69-A8DF-BC8000B72113}.Debug|iPhoneSimulator.ActiveCfg = Debug|Any CPU
		{DB89BEAF-FC0B-4A69-A8DF-BC8000B72113}.Debug|iPhoneSimulator.Build.0 = Debug|Any CPU
		{DB89BEAF-FC0B-4A69-A8DF-BC8000B72113}.Debug|iPhoneSimulator.Deploy.0 = Debug|Any CPU
		{DB89BEAF-FC0B-4A69-A8DF-BC8000B72113}.Debug|Mixed Platforms.ActiveCfg = Debug|Any CPU
		{DB89BEAF-FC0B-4A69-A8DF-BC8000B72113}.Debug|Mixed Platforms.Build.0 = Debug|Any CPU
		{DB89BEAF-FC0B-4A69-A8DF-BC8000B72113}.Debug|Mixed Platforms.Deploy.0 = Debug|Any CPU
		{DB89BEAF-FC0B-4A69-A8DF-BC8000B72113}.Debug|x86.ActiveCfg = Debug|Any CPU
		{DB89BEAF-FC0B-4A69-A8DF-BC8000B72113}.Debug|x86.Build.0 = Debug|Any CPU
		{DB89BEAF-FC0B-4A69-A8DF-BC8000B72113}.Debug|x86.Deploy.0 = Debug|Any CPU
		{DB89BEAF-FC0B-4A69-A8DF-BC8000B72113}.Release|Any CPU.ActiveCfg = Release|Any CPU
		{DB89BEAF-FC0B-4A69-A8DF-BC8000B72113}.Release|Any CPU.Build.0 = Release|Any CPU
		{DB89BEAF-FC0B-4A69-A8DF-BC8000B72113}.Release|Any CPU.Deploy.0 = Release|Any CPU
		{DB89BEAF-FC0B-4A69-A8DF-BC8000B72113}.Release|ARM.ActiveCfg = Release|Any CPU
		{DB89BEAF-FC0B-4A69-A8DF-BC8000B72113}.Release|ARM.Build.0 = Release|Any CPU
		{DB89BEAF-FC0B-4A69-A8DF-BC8000B72113}.Release|ARM.Deploy.0 = Release|Any CPU
		{DB89BEAF-FC0B-4A69-A8DF-BC8000B72113}.Release|iPhone.ActiveCfg = Release|Any CPU
		{DB89BEAF-FC0B-4A69-A8DF-BC8000B72113}.Release|iPhone.Build.0 = Release|Any CPU
		{DB89BEAF-FC0B-4A69-A8DF-BC8000B72113}.Release|iPhone.Deploy.0 = Release|Any CPU
		{DB89BEAF-FC0B-4A69-A8DF-BC8000B72113}.Release|iPhoneSimulator.ActiveCfg = Release|Any CPU
		{DB89BEAF-FC0B-4A69-A8DF-BC8000B72113}.Release|iPhoneSimulator.Build.0 = Release|Any CPU
		{DB89BEAF-FC0B-4A69-A8DF-BC8000B72113}.Release|iPhoneSimulator.Deploy.0 = Release|Any CPU
		{DB89BEAF-FC0B-4A69-A8DF-BC8000B72113}.Release|Mixed Platforms.ActiveCfg = Release|Any CPU
		{DB89BEAF-FC0B-4A69-A8DF-BC8000B72113}.Release|Mixed Platforms.Build.0 = Release|Any CPU
		{DB89BEAF-FC0B-4A69-A8DF-BC8000B72113}.Release|Mixed Platforms.Deploy.0 = Release|Any CPU
		{DB89BEAF-FC0B-4A69-A8DF-BC8000B72113}.Release|x86.ActiveCfg = Release|Any CPU
		{DB89BEAF-FC0B-4A69-A8DF-BC8000B72113}.Release|x86.Build.0 = Release|Any CPU
		{DB89BEAF-FC0B-4A69-A8DF-BC8000B72113}.Release|x86.Deploy.0 = Release|Any CPU
		{5A85A670-048E-4009-9784-1C984FF13084}.Debug|Any CPU.ActiveCfg = Debug|Any CPU
		{5A85A670-048E-4009-9784-1C984FF13084}.Debug|Any CPU.Build.0 = Debug|Any CPU
		{5A85A670-048E-4009-9784-1C984FF13084}.Debug|Any CPU.Deploy.0 = Debug|Any CPU
		{5A85A670-048E-4009-9784-1C984FF13084}.Debug|ARM.ActiveCfg = Debug|Any CPU
		{5A85A670-048E-4009-9784-1C984FF13084}.Debug|ARM.Build.0 = Debug|Any CPU
		{5A85A670-048E-4009-9784-1C984FF13084}.Debug|ARM.Deploy.0 = Debug|Any CPU
		{5A85A670-048E-4009-9784-1C984FF13084}.Debug|iPhone.ActiveCfg = Debug|Any CPU
		{5A85A670-048E-4009-9784-1C984FF13084}.Debug|iPhone.Build.0 = Debug|Any CPU
		{5A85A670-048E-4009-9784-1C984FF13084}.Debug|iPhone.Deploy.0 = Debug|Any CPU
		{5A85A670-048E-4009-9784-1C984FF13084}.Debug|iPhoneSimulator.ActiveCfg = Debug|Any CPU
		{5A85A670-048E-4009-9784-1C984FF13084}.Debug|iPhoneSimulator.Build.0 = Debug|Any CPU
		{5A85A670-048E-4009-9784-1C984FF13084}.Debug|iPhoneSimulator.Deploy.0 = Debug|Any CPU
		{5A85A670-048E-4009-9784-1C984FF13084}.Debug|Mixed Platforms.ActiveCfg = Debug|Any CPU
		{5A85A670-048E-4009-9784-1C984FF13084}.Debug|Mixed Platforms.Build.0 = Debug|Any CPU
		{5A85A670-048E-4009-9784-1C984FF13084}.Debug|Mixed Platforms.Deploy.0 = Debug|Any CPU
		{5A85A670-048E-4009-9784-1C984FF13084}.Debug|x86.ActiveCfg = Debug|Any CPU
		{5A85A670-048E-4009-9784-1C984FF13084}.Debug|x86.Build.0 = Debug|Any CPU
		{5A85A670-048E-4009-9784-1C984FF13084}.Debug|x86.Deploy.0 = Debug|Any CPU
		{5A85A670-048E-4009-9784-1C984FF13084}.Release|Any CPU.ActiveCfg = Release|Any CPU
		{5A85A670-048E-4009-9784-1C984FF13084}.Release|Any CPU.Build.0 = Release|Any CPU
		{5A85A670-048E-4009-9784-1C984FF13084}.Release|Any CPU.Deploy.0 = Release|Any CPU
		{5A85A670-048E-4009-9784-1C984FF13084}.Release|ARM.ActiveCfg = Release|Any CPU
		{5A85A670-048E-4009-9784-1C984FF13084}.Release|ARM.Build.0 = Release|Any CPU
		{5A85A670-048E-4009-9784-1C984FF13084}.Release|ARM.Deploy.0 = Release|Any CPU
		{5A85A670-048E-4009-9784-1C984FF13084}.Release|iPhone.ActiveCfg = Release|Any CPU
		{5A85A670-048E-4009-9784-1C984FF13084}.Release|iPhone.Build.0 = Release|Any CPU
		{5A85A670-048E-4009-9784-1C984FF13084}.Release|iPhone.Deploy.0 = Release|Any CPU
		{5A85A670-048E-4009-9784-1C984FF13084}.Release|iPhoneSimulator.ActiveCfg = Release|Any CPU
		{5A85A670-048E-4009-9784-1C984FF13084}.Release|iPhoneSimulator.Build.0 = Release|Any CPU
		{5A85A670-048E-4009-9784-1C984FF13084}.Release|iPhoneSimulator.Deploy.0 = Release|Any CPU
		{5A85A670-048E-4009-9784-1C984FF13084}.Release|Mixed Platforms.ActiveCfg = Release|Any CPU
		{5A85A670-048E-4009-9784-1C984FF13084}.Release|Mixed Platforms.Build.0 = Release|Any CPU
		{5A85A670-048E-4009-9784-1C984FF13084}.Release|Mixed Platforms.Deploy.0 = Release|Any CPU
		{5A85A670-048E-4009-9784-1C984FF13084}.Release|x86.ActiveCfg = Release|Any CPU
		{5A85A670-048E-4009-9784-1C984FF13084}.Release|x86.Build.0 = Release|Any CPU
		{5A85A670-048E-4009-9784-1C984FF13084}.Release|x86.Deploy.0 = Release|Any CPU
	EndGlobalSection
	GlobalSection(SolutionProperties) = preSolution
		HideSolutionNode = FALSE
	EndGlobalSection
EndGlobal
