
Microsoft Visual Studio Solution File, Format Version 12.00
# Visual Studio 14
VisualStudioVersion = 14.0.25123.0
MinimumVisualStudioVersion = 10.0.40219.1
Project("{FAE04EC0-301F-11D3-BF4B-00C04F79EFBC}") = "FloatBall", "FloatBall\FloatBall.csproj", "{23FD7A7F-68D3-44E9-B045-C444094F48A0}"
EndProject
Project("{FAE04EC0-301F-11D3-BF4B-00C04F79EFBC}") = "FlipView", "FlipView\FlipView.csproj", "{50BD3130-5739-4BA5-82B9-3DB727064914}"
EndProject
Project("{FAE04EC0-301F-11D3-BF4B-00C04F79EFBC}") = "DiscMenu", "DiscMenu\DiscMenu.csproj", "{DB89BEAF-FC0B-4A69-A8DF-BC8000B72113}"
EndProject
Project("{FAE04EC0-301F-11D3-BF4B-00C04F79EFBC}") = "Search", "Search\Search.csproj", "{5A85A670-048E-4009-9784-1C984FF13084}"
EndProject
Project("{FAE04EC0-301F-11D3-BF4B-00C04F79EFBC}") = "CMTest", "CMTest\CMTest\CMTest.csproj", "{7FAE57E6-CFEE-465C-BC1E-817DE24E6DBF}"
EndProject
Project("{FAE04EC0-301F-11D3-BF4B-00C04F79EFBC}") = "CMTest.Droid", "CMTest\CMTest.Droid\CMTest.Droid.csproj", "{7D702A22-1151-48DE-AFE1-99D9B8132392}"
EndProject
Project("{FAE04EC0-301F-11D3-BF4B-00C04F79EFBC}") = "CMTest.WinPhone", "CMTest\CMTest.WinPhone\CMTest.WinPhone.csproj", "{14617070-2652-4F48-BC5C-DE3052BF2ACD}"
EndProject
Project("{2150E333-8FDC-42A3-9474-1A3956D46DE8}") = "CM", "CM", "{936D9D98-5EF6-42FB-9A60-326F48F8AE24}"
EndProject
Project("{2150E333-8FDC-42A3-9474-1A3956D46DE8}") = ".nuget", ".nuget", "{9D7831C3-BBF7-4ED7-B804-20D7808AFF1A}"
	ProjectSection(SolutionItems) = preProject
		.nuget\NuGet.Config = .nuget\NuGet.Config
		.nuget\NuGet.exe = .nuget\NuGet.exe
		.nuget\NuGet.targets = .nuget\NuGet.targets
	EndProjectSection
EndProject
Project("{2150E333-8FDC-42A3-9474-1A3956D46DE8}") = "Notification", "Notification", "{BB64594C-C44D-4995-A28F-05D1742633AB}"
EndProject
Project("{FAE04EC0-301F-11D3-BF4B-00C04F79EFBC}") = "Notification", "Notification\Notification\Notification.csproj", "{9AB53FDD-2740-4166-AF54-D7B181944666}"
EndProject
Project("{FAE04EC0-301F-11D3-BF4B-00C04F79EFBC}") = "Notification.iOS", "Notification\Notification.iOS\Notification.iOS.csproj", "{80780B7E-2F9E-4897-8EA3-293207DB1B23}"
EndProject
Project("{FAE04EC0-301F-11D3-BF4B-00C04F79EFBC}") = "Notification.Droid", "Notification\Notification.Droid\Notification.Droid.csproj", "{22D8F007-DE79-4026-80F2-6CCB55C138D1}"
EndProject
Project("{FAE04EC0-301F-11D3-BF4B-00C04F79EFBC}") = "Notification.WinPhone", "Notification\Notification.WinPhone\Notification.WinPhone.csproj", "{1CF55EC8-FCA5-4909-B37B-57B16423F1C9}"
EndProject
Project("{FAE04EC0-301F-11D3-BF4B-00C04F79EFBC}") = "JPush.Binding.Droid.ARM", "JPush.Binding.Droid\JPush.Binding.Droid.ARM.csproj", "{E4741EE2-1594-4630-A604-B32CFFB1A1C1}"
EndProject
Project("{FAE04EC0-301F-11D3-BF4B-00C04F79EFBC}") = "Notification.UWP", "Notification.UWP\Notification.UWP.csproj", "{63277CB7-496D-4DD8-A487-0B8DD42A5A0E}"
EndProject
Global
	GlobalSection(SolutionConfigurationPlatforms) = preSolution
		Ad-Hoc|Any CPU = Ad-Hoc|Any CPU
		Ad-Hoc|ARM = Ad-Hoc|ARM
		Ad-Hoc|iPhone = Ad-Hoc|iPhone
		Ad-Hoc|iPhoneSimulator = Ad-Hoc|iPhoneSimulator
		Ad-Hoc|Mixed Platforms = Ad-Hoc|Mixed Platforms
		Ad-Hoc|x64 = Ad-Hoc|x64
		Ad-Hoc|x86 = Ad-Hoc|x86
		AppStore|Any CPU = AppStore|Any CPU
		AppStore|ARM = AppStore|ARM
		AppStore|iPhone = AppStore|iPhone
		AppStore|iPhoneSimulator = AppStore|iPhoneSimulator
		AppStore|Mixed Platforms = AppStore|Mixed Platforms
		AppStore|x64 = AppStore|x64
		AppStore|x86 = AppStore|x86
		Debug|Any CPU = Debug|Any CPU
		Debug|ARM = Debug|ARM
		Debug|iPhone = Debug|iPhone
		Debug|iPhoneSimulator = Debug|iPhoneSimulator
		Debug|Mixed Platforms = Debug|Mixed Platforms
		Debug|x64 = Debug|x64
		Debug|x86 = Debug|x86
		Release|Any CPU = Release|Any CPU
		Release|ARM = Release|ARM
		Release|iPhone = Release|iPhone
		Release|iPhoneSimulator = Release|iPhoneSimulator
		Release|Mixed Platforms = Release|Mixed Platforms
		Release|x64 = Release|x64
		Release|x86 = Release|x86
	EndGlobalSection
	GlobalSection(ProjectConfigurationPlatforms) = postSolution
		{23FD7A7F-68D3-44E9-B045-C444094F48A0}.Ad-Hoc|Any CPU.ActiveCfg = Release|Any CPU
		{23FD7A7F-68D3-44E9-B045-C444094F48A0}.Ad-Hoc|Any CPU.Build.0 = Release|Any CPU
		{23FD7A7F-68D3-44E9-B045-C444094F48A0}.Ad-Hoc|Any CPU.Deploy.0 = Release|Any CPU
		{23FD7A7F-68D3-44E9-B045-C444094F48A0}.Ad-Hoc|ARM.ActiveCfg = Release|Any CPU
		{23FD7A7F-68D3-44E9-B045-C444094F48A0}.Ad-Hoc|iPhone.ActiveCfg = Release|Any CPU
		{23FD7A7F-68D3-44E9-B045-C444094F48A0}.Ad-Hoc|iPhoneSimulator.ActiveCfg = Release|Any CPU
		{23FD7A7F-68D3-44E9-B045-C444094F48A0}.Ad-Hoc|Mixed Platforms.ActiveCfg = Release|Any CPU
		{23FD7A7F-68D3-44E9-B045-C444094F48A0}.Ad-Hoc|Mixed Platforms.Build.0 = Release|Any CPU
		{23FD7A7F-68D3-44E9-B045-C444094F48A0}.Ad-Hoc|Mixed Platforms.Deploy.0 = Release|Any CPU
		{23FD7A7F-68D3-44E9-B045-C444094F48A0}.Ad-Hoc|x64.ActiveCfg = Debug|Any CPU
		{23FD7A7F-68D3-44E9-B045-C444094F48A0}.Ad-Hoc|x64.Build.0 = Debug|Any CPU
		{23FD7A7F-68D3-44E9-B045-C444094F48A0}.Ad-Hoc|x64.Deploy.0 = Debug|Any CPU
		{23FD7A7F-68D3-44E9-B045-C444094F48A0}.Ad-Hoc|x86.ActiveCfg = Release|Any CPU
		{23FD7A7F-68D3-44E9-B045-C444094F48A0}.AppStore|Any CPU.ActiveCfg = Release|Any CPU
		{23FD7A7F-68D3-44E9-B045-C444094F48A0}.AppStore|Any CPU.Build.0 = Release|Any CPU
		{23FD7A7F-68D3-44E9-B045-C444094F48A0}.AppStore|Any CPU.Deploy.0 = Release|Any CPU
		{23FD7A7F-68D3-44E9-B045-C444094F48A0}.AppStore|ARM.ActiveCfg = Release|Any CPU
		{23FD7A7F-68D3-44E9-B045-C444094F48A0}.AppStore|iPhone.ActiveCfg = Release|Any CPU
		{23FD7A7F-68D3-44E9-B045-C444094F48A0}.AppStore|iPhoneSimulator.ActiveCfg = Release|Any CPU
		{23FD7A7F-68D3-44E9-B045-C444094F48A0}.AppStore|Mixed Platforms.ActiveCfg = Release|Any CPU
		{23FD7A7F-68D3-44E9-B045-C444094F48A0}.AppStore|Mixed Platforms.Build.0 = Release|Any CPU
		{23FD7A7F-68D3-44E9-B045-C444094F48A0}.AppStore|Mixed Platforms.Deploy.0 = Release|Any CPU
		{23FD7A7F-68D3-44E9-B045-C444094F48A0}.AppStore|x64.ActiveCfg = Debug|Any CPU
		{23FD7A7F-68D3-44E9-B045-C444094F48A0}.AppStore|x64.Build.0 = Debug|Any CPU
		{23FD7A7F-68D3-44E9-B045-C444094F48A0}.AppStore|x64.Deploy.0 = Debug|Any CPU
		{23FD7A7F-68D3-44E9-B045-C444094F48A0}.AppStore|x86.ActiveCfg = Release|Any CPU
		{23FD7A7F-68D3-44E9-B045-C444094F48A0}.Debug|Any CPU.ActiveCfg = Debug|Any CPU
		{23FD7A7F-68D3-44E9-B045-C444094F48A0}.Debug|Any CPU.Build.0 = Debug|Any CPU
		{23FD7A7F-68D3-44E9-B045-C444094F48A0}.Debug|Any CPU.Deploy.0 = Debug|Any CPU
		{23FD7A7F-68D3-44E9-B045-C444094F48A0}.Debug|ARM.ActiveCfg = Debug|Any CPU
		{23FD7A7F-68D3-44E9-B045-C444094F48A0}.Debug|ARM.Build.0 = Debug|Any CPU
		{23FD7A7F-68D3-44E9-B045-C444094F48A0}.Debug|ARM.Deploy.0 = Debug|Any CPU
		{23FD7A7F-68D3-44E9-B045-C444094F48A0}.Debug|iPhone.ActiveCfg = Debug|Any CPU
		{23FD7A7F-68D3-44E9-B045-C444094F48A0}.Debug|iPhone.Build.0 = Debug|Any CPU
		{23FD7A7F-68D3-44E9-B045-C444094F48A0}.Debug|iPhone.Deploy.0 = Debug|Any CPU
		{23FD7A7F-68D3-44E9-B045-C444094F48A0}.Debug|iPhoneSimulator.ActiveCfg = Debug|Any CPU
		{23FD7A7F-68D3-44E9-B045-C444094F48A0}.Debug|iPhoneSimulator.Build.0 = Debug|Any CPU
		{23FD7A7F-68D3-44E9-B045-C444094F48A0}.Debug|iPhoneSimulator.Deploy.0 = Debug|Any CPU
		{23FD7A7F-68D3-44E9-B045-C444094F48A0}.Debug|Mixed Platforms.ActiveCfg = Debug|Any CPU
		{23FD7A7F-68D3-44E9-B045-C444094F48A0}.Debug|Mixed Platforms.Build.0 = Debug|Any CPU
		{23FD7A7F-68D3-44E9-B045-C444094F48A0}.Debug|Mixed Platforms.Deploy.0 = Debug|Any CPU
		{23FD7A7F-68D3-44E9-B045-C444094F48A0}.Debug|x64.ActiveCfg = Debug|Any CPU
		{23FD7A7F-68D3-44E9-B045-C444094F48A0}.Debug|x64.Build.0 = Debug|Any CPU
		{23FD7A7F-68D3-44E9-B045-C444094F48A0}.Debug|x64.Deploy.0 = Debug|Any CPU
		{23FD7A7F-68D3-44E9-B045-C444094F48A0}.Debug|x86.ActiveCfg = Debug|Any CPU
		{23FD7A7F-68D3-44E9-B045-C444094F48A0}.Debug|x86.Build.0 = Debug|Any CPU
		{23FD7A7F-68D3-44E9-B045-C444094F48A0}.Debug|x86.Deploy.0 = Debug|Any CPU
		{23FD7A7F-68D3-44E9-B045-C444094F48A0}.Release|Any CPU.ActiveCfg = Release|Any CPU
		{23FD7A7F-68D3-44E9-B045-C444094F48A0}.Release|Any CPU.Build.0 = Release|Any CPU
		{23FD7A7F-68D3-44E9-B045-C444094F48A0}.Release|Any CPU.Deploy.0 = Release|Any CPU
		{23FD7A7F-68D3-44E9-B045-C444094F48A0}.Release|ARM.ActiveCfg = Release|Any CPU
		{23FD7A7F-68D3-44E9-B045-C444094F48A0}.Release|ARM.Build.0 = Release|Any CPU
		{23FD7A7F-68D3-44E9-B045-C444094F48A0}.Release|ARM.Deploy.0 = Release|Any CPU
		{23FD7A7F-68D3-44E9-B045-C444094F48A0}.Release|iPhone.ActiveCfg = Release|Any CPU
		{23FD7A7F-68D3-44E9-B045-C444094F48A0}.Release|iPhone.Build.0 = Release|Any CPU
		{23FD7A7F-68D3-44E9-B045-C444094F48A0}.Release|iPhone.Deploy.0 = Release|Any CPU
		{23FD7A7F-68D3-44E9-B045-C444094F48A0}.Release|iPhoneSimulator.ActiveCfg = Release|Any CPU
		{23FD7A7F-68D3-44E9-B045-C444094F48A0}.Release|iPhoneSimulator.Build.0 = Release|Any CPU
		{23FD7A7F-68D3-44E9-B045-C444094F48A0}.Release|iPhoneSimulator.Deploy.0 = Release|Any CPU
		{23FD7A7F-68D3-44E9-B045-C444094F48A0}.Release|Mixed Platforms.ActiveCfg = Release|Any CPU
		{23FD7A7F-68D3-44E9-B045-C444094F48A0}.Release|Mixed Platforms.Build.0 = Release|Any CPU
		{23FD7A7F-68D3-44E9-B045-C444094F48A0}.Release|Mixed Platforms.Deploy.0 = Release|Any CPU
		{23FD7A7F-68D3-44E9-B045-C444094F48A0}.Release|x64.ActiveCfg = Release|Any CPU
		{23FD7A7F-68D3-44E9-B045-C444094F48A0}.Release|x64.Build.0 = Release|Any CPU
		{23FD7A7F-68D3-44E9-B045-C444094F48A0}.Release|x64.Deploy.0 = Release|Any CPU
		{23FD7A7F-68D3-44E9-B045-C444094F48A0}.Release|x86.ActiveCfg = Release|Any CPU
		{23FD7A7F-68D3-44E9-B045-C444094F48A0}.Release|x86.Build.0 = Release|Any CPU
		{23FD7A7F-68D3-44E9-B045-C444094F48A0}.Release|x86.Deploy.0 = Release|Any CPU
		{50BD3130-5739-4BA5-82B9-3DB727064914}.Ad-Hoc|Any CPU.ActiveCfg = Release|Any CPU
		{50BD3130-5739-4BA5-82B9-3DB727064914}.Ad-Hoc|Any CPU.Build.0 = Release|Any CPU
		{50BD3130-5739-4BA5-82B9-3DB727064914}.Ad-Hoc|Any CPU.Deploy.0 = Release|Any CPU
		{50BD3130-5739-4BA5-82B9-3DB727064914}.Ad-Hoc|ARM.ActiveCfg = Release|Any CPU
		{50BD3130-5739-4BA5-82B9-3DB727064914}.Ad-Hoc|iPhone.ActiveCfg = Release|Any CPU
		{50BD3130-5739-4BA5-82B9-3DB727064914}.Ad-Hoc|iPhoneSimulator.ActiveCfg = Release|Any CPU
		{50BD3130-5739-4BA5-82B9-3DB727064914}.Ad-Hoc|Mixed Platforms.ActiveCfg = Release|Any CPU
		{50BD3130-5739-4BA5-82B9-3DB727064914}.Ad-Hoc|Mixed Platforms.Build.0 = Release|Any CPU
		{50BD3130-5739-4BA5-82B9-3DB727064914}.Ad-Hoc|Mixed Platforms.Deploy.0 = Release|Any CPU
		{50BD3130-5739-4BA5-82B9-3DB727064914}.Ad-Hoc|x64.ActiveCfg = Debug|Any CPU
		{50BD3130-5739-4BA5-82B9-3DB727064914}.Ad-Hoc|x64.Build.0 = Debug|Any CPU
		{50BD3130-5739-4BA5-82B9-3DB727064914}.Ad-Hoc|x64.Deploy.0 = Debug|Any CPU
		{50BD3130-5739-4BA5-82B9-3DB727064914}.Ad-Hoc|x86.ActiveCfg = Release|Any CPU
		{50BD3130-5739-4BA5-82B9-3DB727064914}.AppStore|Any CPU.ActiveCfg = Release|Any CPU
		{50BD3130-5739-4BA5-82B9-3DB727064914}.AppStore|Any CPU.Build.0 = Release|Any CPU
		{50BD3130-5739-4BA5-82B9-3DB727064914}.AppStore|Any CPU.Deploy.0 = Release|Any CPU
		{50BD3130-5739-4BA5-82B9-3DB727064914}.AppStore|ARM.ActiveCfg = Release|Any CPU
		{50BD3130-5739-4BA5-82B9-3DB727064914}.AppStore|iPhone.ActiveCfg = Release|Any CPU
		{50BD3130-5739-4BA5-82B9-3DB727064914}.AppStore|iPhoneSimulator.ActiveCfg = Release|Any CPU
		{50BD3130-5739-4BA5-82B9-3DB727064914}.AppStore|Mixed Platforms.ActiveCfg = Release|Any CPU
		{50BD3130-5739-4BA5-82B9-3DB727064914}.AppStore|Mixed Platforms.Build.0 = Release|Any CPU
		{50BD3130-5739-4BA5-82B9-3DB727064914}.AppStore|Mixed Platforms.Deploy.0 = Release|Any CPU
		{50BD3130-5739-4BA5-82B9-3DB727064914}.AppStore|x64.ActiveCfg = Debug|Any CPU
		{50BD3130-5739-4BA5-82B9-3DB727064914}.AppStore|x64.Build.0 = Debug|Any CPU
		{50BD3130-5739-4BA5-82B9-3DB727064914}.AppStore|x64.Deploy.0 = Debug|Any CPU
		{50BD3130-5739-4BA5-82B9-3DB727064914}.AppStore|x86.ActiveCfg = Release|Any CPU
		{50BD3130-5739-4BA5-82B9-3DB727064914}.Debug|Any CPU.ActiveCfg = Debug|Any CPU
		{50BD3130-5739-4BA5-82B9-3DB727064914}.Debug|Any CPU.Build.0 = Debug|Any CPU
		{50BD3130-5739-4BA5-82B9-3DB727064914}.Debug|Any CPU.Deploy.0 = Debug|Any CPU
		{50BD3130-5739-4BA5-82B9-3DB727064914}.Debug|ARM.ActiveCfg = Debug|Any CPU
		{50BD3130-5739-4BA5-82B9-3DB727064914}.Debug|ARM.Build.0 = Debug|Any CPU
		{50BD3130-5739-4BA5-82B9-3DB727064914}.Debug|ARM.Deploy.0 = Debug|Any CPU
		{50BD3130-5739-4BA5-82B9-3DB727064914}.Debug|iPhone.ActiveCfg = Debug|Any CPU
		{50BD3130-5739-4BA5-82B9-3DB727064914}.Debug|iPhone.Build.0 = Debug|Any CPU
		{50BD3130-5739-4BA5-82B9-3DB727064914}.Debug|iPhone.Deploy.0 = Debug|Any CPU
		{50BD3130-5739-4BA5-82B9-3DB727064914}.Debug|iPhoneSimulator.ActiveCfg = Debug|Any CPU
		{50BD3130-5739-4BA5-82B9-3DB727064914}.Debug|iPhoneSimulator.Build.0 = Debug|Any CPU
		{50BD3130-5739-4BA5-82B9-3DB727064914}.Debug|iPhoneSimulator.Deploy.0 = Debug|Any CPU
		{50BD3130-5739-4BA5-82B9-3DB727064914}.Debug|Mixed Platforms.ActiveCfg = Debug|Any CPU
		{50BD3130-5739-4BA5-82B9-3DB727064914}.Debug|Mixed Platforms.Build.0 = Debug|Any CPU
		{50BD3130-5739-4BA5-82B9-3DB727064914}.Debug|Mixed Platforms.Deploy.0 = Debug|Any CPU
		{50BD3130-5739-4BA5-82B9-3DB727064914}.Debug|x64.ActiveCfg = Debug|Any CPU
		{50BD3130-5739-4BA5-82B9-3DB727064914}.Debug|x64.Build.0 = Debug|Any CPU
		{50BD3130-5739-4BA5-82B9-3DB727064914}.Debug|x64.Deploy.0 = Debug|Any CPU
		{50BD3130-5739-4BA5-82B9-3DB727064914}.Debug|x86.ActiveCfg = Debug|Any CPU
		{50BD3130-5739-4BA5-82B9-3DB727064914}.Debug|x86.Build.0 = Debug|Any CPU
		{50BD3130-5739-4BA5-82B9-3DB727064914}.Debug|x86.Deploy.0 = Debug|Any CPU
		{50BD3130-5739-4BA5-82B9-3DB727064914}.Release|Any CPU.ActiveCfg = Release|Any CPU
		{50BD3130-5739-4BA5-82B9-3DB727064914}.Release|Any CPU.Build.0 = Release|Any CPU
		{50BD3130-5739-4BA5-82B9-3DB727064914}.Release|Any CPU.Deploy.0 = Release|Any CPU
		{50BD3130-5739-4BA5-82B9-3DB727064914}.Release|ARM.ActiveCfg = Release|Any CPU
		{50BD3130-5739-4BA5-82B9-3DB727064914}.Release|ARM.Build.0 = Release|Any CPU
		{50BD3130-5739-4BA5-82B9-3DB727064914}.Release|ARM.Deploy.0 = Release|Any CPU
		{50BD3130-5739-4BA5-82B9-3DB727064914}.Release|iPhone.ActiveCfg = Release|Any CPU
		{50BD3130-5739-4BA5-82B9-3DB727064914}.Release|iPhone.Build.0 = Release|Any CPU
		{50BD3130-5739-4BA5-82B9-3DB727064914}.Release|iPhone.Deploy.0 = Release|Any CPU
		{50BD3130-5739-4BA5-82B9-3DB727064914}.Release|iPhoneSimulator.ActiveCfg = Release|Any CPU
		{50BD3130-5739-4BA5-82B9-3DB727064914}.Release|iPhoneSimulator.Build.0 = Release|Any CPU
		{50BD3130-5739-4BA5-82B9-3DB727064914}.Release|iPhoneSimulator.Deploy.0 = Release|Any CPU
		{50BD3130-5739-4BA5-82B9-3DB727064914}.Release|Mixed Platforms.ActiveCfg = Release|Any CPU
		{50BD3130-5739-4BA5-82B9-3DB727064914}.Release|Mixed Platforms.Build.0 = Release|Any CPU
		{50BD3130-5739-4BA5-82B9-3DB727064914}.Release|Mixed Platforms.Deploy.0 = Release|Any CPU
		{50BD3130-5739-4BA5-82B9-3DB727064914}.Release|x64.ActiveCfg = Release|Any CPU
		{50BD3130-5739-4BA5-82B9-3DB727064914}.Release|x64.Build.0 = Release|Any CPU
		{50BD3130-5739-4BA5-82B9-3DB727064914}.Release|x64.Deploy.0 = Release|Any CPU
		{50BD3130-5739-4BA5-82B9-3DB727064914}.Release|x86.ActiveCfg = Release|Any CPU
		{50BD3130-5739-4BA5-82B9-3DB727064914}.Release|x86.Build.0 = Release|Any CPU
		{50BD3130-5739-4BA5-82B9-3DB727064914}.Release|x86.Deploy.0 = Release|Any CPU
		{DB89BEAF-FC0B-4A69-A8DF-BC8000B72113}.Ad-Hoc|Any CPU.ActiveCfg = Release|Any CPU
		{DB89BEAF-FC0B-4A69-A8DF-BC8000B72113}.Ad-Hoc|Any CPU.Build.0 = Release|Any CPU
		{DB89BEAF-FC0B-4A69-A8DF-BC8000B72113}.Ad-Hoc|Any CPU.Deploy.0 = Release|Any CPU
		{DB89BEAF-FC0B-4A69-A8DF-BC8000B72113}.Ad-Hoc|ARM.ActiveCfg = Release|Any CPU
		{DB89BEAF-FC0B-4A69-A8DF-BC8000B72113}.Ad-Hoc|iPhone.ActiveCfg = Release|Any CPU
		{DB89BEAF-FC0B-4A69-A8DF-BC8000B72113}.Ad-Hoc|iPhoneSimulator.ActiveCfg = Release|Any CPU
		{DB89BEAF-FC0B-4A69-A8DF-BC8000B72113}.Ad-Hoc|Mixed Platforms.ActiveCfg = Release|Any CPU
		{DB89BEAF-FC0B-4A69-A8DF-BC8000B72113}.Ad-Hoc|Mixed Platforms.Build.0 = Release|Any CPU
		{DB89BEAF-FC0B-4A69-A8DF-BC8000B72113}.Ad-Hoc|Mixed Platforms.Deploy.0 = Release|Any CPU
		{DB89BEAF-FC0B-4A69-A8DF-BC8000B72113}.Ad-Hoc|x64.ActiveCfg = Debug|Any CPU
		{DB89BEAF-FC0B-4A69-A8DF-BC8000B72113}.Ad-Hoc|x64.Build.0 = Debug|Any CPU
		{DB89BEAF-FC0B-4A69-A8DF-BC8000B72113}.Ad-Hoc|x64.Deploy.0 = Debug|Any CPU
		{DB89BEAF-FC0B-4A69-A8DF-BC8000B72113}.Ad-Hoc|x86.ActiveCfg = Release|Any CPU
		{DB89BEAF-FC0B-4A69-A8DF-BC8000B72113}.AppStore|Any CPU.ActiveCfg = Release|Any CPU
		{DB89BEAF-FC0B-4A69-A8DF-BC8000B72113}.AppStore|Any CPU.Build.0 = Release|Any CPU
		{DB89BEAF-FC0B-4A69-A8DF-BC8000B72113}.AppStore|Any CPU.Deploy.0 = Release|Any CPU
		{DB89BEAF-FC0B-4A69-A8DF-BC8000B72113}.AppStore|ARM.ActiveCfg = Release|Any CPU
		{DB89BEAF-FC0B-4A69-A8DF-BC8000B72113}.AppStore|iPhone.ActiveCfg = Release|Any CPU
		{DB89BEAF-FC0B-4A69-A8DF-BC8000B72113}.AppStore|iPhoneSimulator.ActiveCfg = Release|Any CPU
		{DB89BEAF-FC0B-4A69-A8DF-BC8000B72113}.AppStore|Mixed Platforms.ActiveCfg = Release|Any CPU
		{DB89BEAF-FC0B-4A69-A8DF-BC8000B72113}.AppStore|Mixed Platforms.Build.0 = Release|Any CPU
		{DB89BEAF-FC0B-4A69-A8DF-BC8000B72113}.AppStore|Mixed Platforms.Deploy.0 = Release|Any CPU
		{DB89BEAF-FC0B-4A69-A8DF-BC8000B72113}.AppStore|x64.ActiveCfg = Debug|Any CPU
		{DB89BEAF-FC0B-4A69-A8DF-BC8000B72113}.AppStore|x64.Build.0 = Debug|Any CPU
		{DB89BEAF-FC0B-4A69-A8DF-BC8000B72113}.AppStore|x64.Deploy.0 = Debug|Any CPU
		{DB89BEAF-FC0B-4A69-A8DF-BC8000B72113}.AppStore|x86.ActiveCfg = Release|Any CPU
		{DB89BEAF-FC0B-4A69-A8DF-BC8000B72113}.Debug|Any CPU.ActiveCfg = Debug|Any CPU
		{DB89BEAF-FC0B-4A69-A8DF-BC8000B72113}.Debug|Any CPU.Build.0 = Debug|Any CPU
		{DB89BEAF-FC0B-4A69-A8DF-BC8000B72113}.Debug|Any CPU.Deploy.0 = Debug|Any CPU
		{DB89BEAF-FC0B-4A69-A8DF-BC8000B72113}.Debug|ARM.ActiveCfg = Debug|Any CPU
		{DB89BEAF-FC0B-4A69-A8DF-BC8000B72113}.Debug|ARM.Build.0 = Debug|Any CPU
		{DB89BEAF-FC0B-4A69-A8DF-BC8000B72113}.Debug|ARM.Deploy.0 = Debug|Any CPU
		{DB89BEAF-FC0B-4A69-A8DF-BC8000B72113}.Debug|iPhone.ActiveCfg = Debug|Any CPU
		{DB89BEAF-FC0B-4A69-A8DF-BC8000B72113}.Debug|iPhone.Build.0 = Debug|Any CPU
		{DB89BEAF-FC0B-4A69-A8DF-BC8000B72113}.Debug|iPhone.Deploy.0 = Debug|Any CPU
		{DB89BEAF-FC0B-4A69-A8DF-BC8000B72113}.Debug|iPhoneSimulator.ActiveCfg = Debug|Any CPU
		{DB89BEAF-FC0B-4A69-A8DF-BC8000B72113}.Debug|iPhoneSimulator.Build.0 = Debug|Any CPU
		{DB89BEAF-FC0B-4A69-A8DF-BC8000B72113}.Debug|iPhoneSimulator.Deploy.0 = Debug|Any CPU
		{DB89BEAF-FC0B-4A69-A8DF-BC8000B72113}.Debug|Mixed Platforms.ActiveCfg = Debug|Any CPU
		{DB89BEAF-FC0B-4A69-A8DF-BC8000B72113}.Debug|Mixed Platforms.Build.0 = Debug|Any CPU
		{DB89BEAF-FC0B-4A69-A8DF-BC8000B72113}.Debug|Mixed Platforms.Deploy.0 = Debug|Any CPU
		{DB89BEAF-FC0B-4A69-A8DF-BC8000B72113}.Debug|x64.ActiveCfg = Debug|Any CPU
		{DB89BEAF-FC0B-4A69-A8DF-BC8000B72113}.Debug|x64.Build.0 = Debug|Any CPU
		{DB89BEAF-FC0B-4A69-A8DF-BC8000B72113}.Debug|x64.Deploy.0 = Debug|Any CPU
		{DB89BEAF-FC0B-4A69-A8DF-BC8000B72113}.Debug|x86.ActiveCfg = Debug|Any CPU
		{DB89BEAF-FC0B-4A69-A8DF-BC8000B72113}.Debug|x86.Build.0 = Debug|Any CPU
		{DB89BEAF-FC0B-4A69-A8DF-BC8000B72113}.Debug|x86.Deploy.0 = Debug|Any CPU
		{DB89BEAF-FC0B-4A69-A8DF-BC8000B72113}.Release|Any CPU.ActiveCfg = Release|Any CPU
		{DB89BEAF-FC0B-4A69-A8DF-BC8000B72113}.Release|Any CPU.Build.0 = Release|Any CPU
		{DB89BEAF-FC0B-4A69-A8DF-BC8000B72113}.Release|Any CPU.Deploy.0 = Release|Any CPU
		{DB89BEAF-FC0B-4A69-A8DF-BC8000B72113}.Release|ARM.ActiveCfg = Release|Any CPU
		{DB89BEAF-FC0B-4A69-A8DF-BC8000B72113}.Release|ARM.Build.0 = Release|Any CPU
		{DB89BEAF-FC0B-4A69-A8DF-BC8000B72113}.Release|ARM.Deploy.0 = Release|Any CPU
		{DB89BEAF-FC0B-4A69-A8DF-BC8000B72113}.Release|iPhone.ActiveCfg = Release|Any CPU
		{DB89BEAF-FC0B-4A69-A8DF-BC8000B72113}.Release|iPhone.Build.0 = Release|Any CPU
		{DB89BEAF-FC0B-4A69-A8DF-BC8000B72113}.Release|iPhone.Deploy.0 = Release|Any CPU
		{DB89BEAF-FC0B-4A69-A8DF-BC8000B72113}.Release|iPhoneSimulator.ActiveCfg = Release|Any CPU
		{DB89BEAF-FC0B-4A69-A8DF-BC8000B72113}.Release|iPhoneSimulator.Build.0 = Release|Any CPU
		{DB89BEAF-FC0B-4A69-A8DF-BC8000B72113}.Release|iPhoneSimulator.Deploy.0 = Release|Any CPU
		{DB89BEAF-FC0B-4A69-A8DF-BC8000B72113}.Release|Mixed Platforms.ActiveCfg = Release|Any CPU
		{DB89BEAF-FC0B-4A69-A8DF-BC8000B72113}.Release|Mixed Platforms.Build.0 = Release|Any CPU
		{DB89BEAF-FC0B-4A69-A8DF-BC8000B72113}.Release|Mixed Platforms.Deploy.0 = Release|Any CPU
		{DB89BEAF-FC0B-4A69-A8DF-BC8000B72113}.Release|x64.ActiveCfg = Release|Any CPU
		{DB89BEAF-FC0B-4A69-A8DF-BC8000B72113}.Release|x64.Build.0 = Release|Any CPU
		{DB89BEAF-FC0B-4A69-A8DF-BC8000B72113}.Release|x64.Deploy.0 = Release|Any CPU
		{DB89BEAF-FC0B-4A69-A8DF-BC8000B72113}.Release|x86.ActiveCfg = Release|Any CPU
		{DB89BEAF-FC0B-4A69-A8DF-BC8000B72113}.Release|x86.Build.0 = Release|Any CPU
		{DB89BEAF-FC0B-4A69-A8DF-BC8000B72113}.Release|x86.Deploy.0 = Release|Any CPU
		{5A85A670-048E-4009-9784-1C984FF13084}.Ad-Hoc|Any CPU.ActiveCfg = Release|Any CPU
		{5A85A670-048E-4009-9784-1C984FF13084}.Ad-Hoc|Any CPU.Build.0 = Release|Any CPU
		{5A85A670-048E-4009-9784-1C984FF13084}.Ad-Hoc|Any CPU.Deploy.0 = Release|Any CPU
		{5A85A670-048E-4009-9784-1C984FF13084}.Ad-Hoc|ARM.ActiveCfg = Release|Any CPU
		{5A85A670-048E-4009-9784-1C984FF13084}.Ad-Hoc|iPhone.ActiveCfg = Release|Any CPU
		{5A85A670-048E-4009-9784-1C984FF13084}.Ad-Hoc|iPhoneSimulator.ActiveCfg = Release|Any CPU
		{5A85A670-048E-4009-9784-1C984FF13084}.Ad-Hoc|Mixed Platforms.ActiveCfg = Release|Any CPU
		{5A85A670-048E-4009-9784-1C984FF13084}.Ad-Hoc|Mixed Platforms.Build.0 = Release|Any CPU
		{5A85A670-048E-4009-9784-1C984FF13084}.Ad-Hoc|Mixed Platforms.Deploy.0 = Release|Any CPU
		{5A85A670-048E-4009-9784-1C984FF13084}.Ad-Hoc|x64.ActiveCfg = Debug|Any CPU
		{5A85A670-048E-4009-9784-1C984FF13084}.Ad-Hoc|x64.Build.0 = Debug|Any CPU
		{5A85A670-048E-4009-9784-1C984FF13084}.Ad-Hoc|x64.Deploy.0 = Debug|Any CPU
		{5A85A670-048E-4009-9784-1C984FF13084}.Ad-Hoc|x86.ActiveCfg = Release|Any CPU
		{5A85A670-048E-4009-9784-1C984FF13084}.AppStore|Any CPU.ActiveCfg = Release|Any CPU
		{5A85A670-048E-4009-9784-1C984FF13084}.AppStore|Any CPU.Build.0 = Release|Any CPU
		{5A85A670-048E-4009-9784-1C984FF13084}.AppStore|Any CPU.Deploy.0 = Release|Any CPU
		{5A85A670-048E-4009-9784-1C984FF13084}.AppStore|ARM.ActiveCfg = Release|Any CPU
		{5A85A670-048E-4009-9784-1C984FF13084}.AppStore|iPhone.ActiveCfg = Release|Any CPU
		{5A85A670-048E-4009-9784-1C984FF13084}.AppStore|iPhoneSimulator.ActiveCfg = Release|Any CPU
		{5A85A670-048E-4009-9784-1C984FF13084}.AppStore|Mixed Platforms.ActiveCfg = Release|Any CPU
		{5A85A670-048E-4009-9784-1C984FF13084}.AppStore|Mixed Platforms.Build.0 = Release|Any CPU
		{5A85A670-048E-4009-9784-1C984FF13084}.AppStore|Mixed Platforms.Deploy.0 = Release|Any CPU
		{5A85A670-048E-4009-9784-1C984FF13084}.AppStore|x64.ActiveCfg = Debug|Any CPU
		{5A85A670-048E-4009-9784-1C984FF13084}.AppStore|x64.Build.0 = Debug|Any CPU
		{5A85A670-048E-4009-9784-1C984FF13084}.AppStore|x64.Deploy.0 = Debug|Any CPU
		{5A85A670-048E-4009-9784-1C984FF13084}.AppStore|x86.ActiveCfg = Release|Any CPU
		{5A85A670-048E-4009-9784-1C984FF13084}.Debug|Any CPU.ActiveCfg = Debug|Any CPU
		{5A85A670-048E-4009-9784-1C984FF13084}.Debug|Any CPU.Build.0 = Debug|Any CPU
		{5A85A670-048E-4009-9784-1C984FF13084}.Debug|Any CPU.Deploy.0 = Debug|Any CPU
		{5A85A670-048E-4009-9784-1C984FF13084}.Debug|ARM.ActiveCfg = Debug|Any CPU
		{5A85A670-048E-4009-9784-1C984FF13084}.Debug|ARM.Build.0 = Debug|Any CPU
		{5A85A670-048E-4009-9784-1C984FF13084}.Debug|ARM.Deploy.0 = Debug|Any CPU
		{5A85A670-048E-4009-9784-1C984FF13084}.Debug|iPhone.ActiveCfg = Debug|Any CPU
		{5A85A670-048E-4009-9784-1C984FF13084}.Debug|iPhone.Build.0 = Debug|Any CPU
		{5A85A670-048E-4009-9784-1C984FF13084}.Debug|iPhone.Deploy.0 = Debug|Any CPU
		{5A85A670-048E-4009-9784-1C984FF13084}.Debug|iPhoneSimulator.ActiveCfg = Debug|Any CPU
		{5A85A670-048E-4009-9784-1C984FF13084}.Debug|iPhoneSimulator.Build.0 = Debug|Any CPU
		{5A85A670-048E-4009-9784-1C984FF13084}.Debug|iPhoneSimulator.Deploy.0 = Debug|Any CPU
		{5A85A670-048E-4009-9784-1C984FF13084}.Debug|Mixed Platforms.ActiveCfg = Debug|Any CPU
		{5A85A670-048E-4009-9784-1C984FF13084}.Debug|Mixed Platforms.Build.0 = Debug|Any CPU
		{5A85A670-048E-4009-9784-1C984FF13084}.Debug|Mixed Platforms.Deploy.0 = Debug|Any CPU
		{5A85A670-048E-4009-9784-1C984FF13084}.Debug|x64.ActiveCfg = Debug|Any CPU
		{5A85A670-048E-4009-9784-1C984FF13084}.Debug|x64.Build.0 = Debug|Any CPU
		{5A85A670-048E-4009-9784-1C984FF13084}.Debug|x64.Deploy.0 = Debug|Any CPU
		{5A85A670-048E-4009-9784-1C984FF13084}.Debug|x86.ActiveCfg = Debug|Any CPU
		{5A85A670-048E-4009-9784-1C984FF13084}.Debug|x86.Build.0 = Debug|Any CPU
		{5A85A670-048E-4009-9784-1C984FF13084}.Debug|x86.Deploy.0 = Debug|Any CPU
		{5A85A670-048E-4009-9784-1C984FF13084}.Release|Any CPU.ActiveCfg = Release|Any CPU
		{5A85A670-048E-4009-9784-1C984FF13084}.Release|Any CPU.Build.0 = Release|Any CPU
		{5A85A670-048E-4009-9784-1C984FF13084}.Release|Any CPU.Deploy.0 = Release|Any CPU
		{5A85A670-048E-4009-9784-1C984FF13084}.Release|ARM.ActiveCfg = Release|Any CPU
		{5A85A670-048E-4009-9784-1C984FF13084}.Release|ARM.Build.0 = Release|Any CPU
		{5A85A670-048E-4009-9784-1C984FF13084}.Release|ARM.Deploy.0 = Release|Any CPU
		{5A85A670-048E-4009-9784-1C984FF13084}.Release|iPhone.ActiveCfg = Release|Any CPU
		{5A85A670-048E-4009-9784-1C984FF13084}.Release|iPhone.Build.0 = Release|Any CPU
		{5A85A670-048E-4009-9784-1C984FF13084}.Release|iPhone.Deploy.0 = Release|Any CPU
		{5A85A670-048E-4009-9784-1C984FF13084}.Release|iPhoneSimulator.ActiveCfg = Release|Any CPU
		{5A85A670-048E-4009-9784-1C984FF13084}.Release|iPhoneSimulator.Build.0 = Release|Any CPU
		{5A85A670-048E-4009-9784-1C984FF13084}.Release|iPhoneSimulator.Deploy.0 = Release|Any CPU
		{5A85A670-048E-4009-9784-1C984FF13084}.Release|Mixed Platforms.ActiveCfg = Release|Any CPU
		{5A85A670-048E-4009-9784-1C984FF13084}.Release|Mixed Platforms.Build.0 = Release|Any CPU
		{5A85A670-048E-4009-9784-1C984FF13084}.Release|Mixed Platforms.Deploy.0 = Release|Any CPU
		{5A85A670-048E-4009-9784-1C984FF13084}.Release|x64.ActiveCfg = Release|Any CPU
		{5A85A670-048E-4009-9784-1C984FF13084}.Release|x64.Build.0 = Release|Any CPU
		{5A85A670-048E-4009-9784-1C984FF13084}.Release|x64.Deploy.0 = Release|Any CPU
		{5A85A670-048E-4009-9784-1C984FF13084}.Release|x86.ActiveCfg = Release|Any CPU
		{5A85A670-048E-4009-9784-1C984FF13084}.Release|x86.Build.0 = Release|Any CPU
		{5A85A670-048E-4009-9784-1C984FF13084}.Release|x86.Deploy.0 = Release|Any CPU
		{7FAE57E6-CFEE-465C-BC1E-817DE24E6DBF}.Ad-Hoc|Any CPU.ActiveCfg = Release|Any CPU
		{7FAE57E6-CFEE-465C-BC1E-817DE24E6DBF}.Ad-Hoc|Any CPU.Build.0 = Release|Any CPU
		{7FAE57E6-CFEE-465C-BC1E-817DE24E6DBF}.Ad-Hoc|ARM.ActiveCfg = Release|Any CPU
		{7FAE57E6-CFEE-465C-BC1E-817DE24E6DBF}.Ad-Hoc|iPhone.ActiveCfg = Release|Any CPU
		{7FAE57E6-CFEE-465C-BC1E-817DE24E6DBF}.Ad-Hoc|iPhoneSimulator.ActiveCfg = Release|Any CPU
		{7FAE57E6-CFEE-465C-BC1E-817DE24E6DBF}.Ad-Hoc|Mixed Platforms.ActiveCfg = Release|Any CPU
		{7FAE57E6-CFEE-465C-BC1E-817DE24E6DBF}.Ad-Hoc|Mixed Platforms.Build.0 = Release|Any CPU
		{7FAE57E6-CFEE-465C-BC1E-817DE24E6DBF}.Ad-Hoc|x64.ActiveCfg = Debug|Any CPU
		{7FAE57E6-CFEE-465C-BC1E-817DE24E6DBF}.Ad-Hoc|x64.Build.0 = Debug|Any CPU
		{7FAE57E6-CFEE-465C-BC1E-817DE24E6DBF}.Ad-Hoc|x86.ActiveCfg = Release|Any CPU
		{7FAE57E6-CFEE-465C-BC1E-817DE24E6DBF}.AppStore|Any CPU.ActiveCfg = Release|Any CPU
		{7FAE57E6-CFEE-465C-BC1E-817DE24E6DBF}.AppStore|Any CPU.Build.0 = Release|Any CPU
		{7FAE57E6-CFEE-465C-BC1E-817DE24E6DBF}.AppStore|ARM.ActiveCfg = Release|Any CPU
		{7FAE57E6-CFEE-465C-BC1E-817DE24E6DBF}.AppStore|iPhone.ActiveCfg = Release|Any CPU
		{7FAE57E6-CFEE-465C-BC1E-817DE24E6DBF}.AppStore|iPhoneSimulator.ActiveCfg = Release|Any CPU
		{7FAE57E6-CFEE-465C-BC1E-817DE24E6DBF}.AppStore|Mixed Platforms.ActiveCfg = Release|Any CPU
		{7FAE57E6-CFEE-465C-BC1E-817DE24E6DBF}.AppStore|Mixed Platforms.Build.0 = Release|Any CPU
		{7FAE57E6-CFEE-465C-BC1E-817DE24E6DBF}.AppStore|x64.ActiveCfg = Debug|Any CPU
		{7FAE57E6-CFEE-465C-BC1E-817DE24E6DBF}.AppStore|x64.Build.0 = Debug|Any CPU
		{7FAE57E6-CFEE-465C-BC1E-817DE24E6DBF}.AppStore|x86.ActiveCfg = Release|Any CPU
		{7FAE57E6-CFEE-465C-BC1E-817DE24E6DBF}.Debug|Any CPU.ActiveCfg = Debug|Any CPU
		{7FAE57E6-CFEE-465C-BC1E-817DE24E6DBF}.Debug|Any CPU.Build.0 = Debug|Any CPU
		{7FAE57E6-CFEE-465C-BC1E-817DE24E6DBF}.Debug|ARM.ActiveCfg = Debug|Any CPU
		{7FAE57E6-CFEE-465C-BC1E-817DE24E6DBF}.Debug|iPhone.ActiveCfg = Debug|Any CPU
		{7FAE57E6-CFEE-465C-BC1E-817DE24E6DBF}.Debug|iPhoneSimulator.ActiveCfg = Debug|Any CPU
		{7FAE57E6-CFEE-465C-BC1E-817DE24E6DBF}.Debug|Mixed Platforms.ActiveCfg = Debug|Any CPU
		{7FAE57E6-CFEE-465C-BC1E-817DE24E6DBF}.Debug|Mixed Platforms.Build.0 = Debug|Any CPU
		{7FAE57E6-CFEE-465C-BC1E-817DE24E6DBF}.Debug|x64.ActiveCfg = Debug|Any CPU
		{7FAE57E6-CFEE-465C-BC1E-817DE24E6DBF}.Debug|x64.Build.0 = Debug|Any CPU
		{7FAE57E6-CFEE-465C-BC1E-817DE24E6DBF}.Debug|x86.ActiveCfg = Debug|Any CPU
		{7FAE57E6-CFEE-465C-BC1E-817DE24E6DBF}.Release|Any CPU.ActiveCfg = Release|Any CPU
		{7FAE57E6-CFEE-465C-BC1E-817DE24E6DBF}.Release|Any CPU.Build.0 = Release|Any CPU
		{7FAE57E6-CFEE-465C-BC1E-817DE24E6DBF}.Release|ARM.ActiveCfg = Release|Any CPU
		{7FAE57E6-CFEE-465C-BC1E-817DE24E6DBF}.Release|iPhone.ActiveCfg = Release|Any CPU
		{7FAE57E6-CFEE-465C-BC1E-817DE24E6DBF}.Release|iPhoneSimulator.ActiveCfg = Release|Any CPU
		{7FAE57E6-CFEE-465C-BC1E-817DE24E6DBF}.Release|Mixed Platforms.ActiveCfg = Release|Any CPU
		{7FAE57E6-CFEE-465C-BC1E-817DE24E6DBF}.Release|Mixed Platforms.Build.0 = Release|Any CPU
		{7FAE57E6-CFEE-465C-BC1E-817DE24E6DBF}.Release|x64.ActiveCfg = Release|Any CPU
		{7FAE57E6-CFEE-465C-BC1E-817DE24E6DBF}.Release|x64.Build.0 = Release|Any CPU
		{7FAE57E6-CFEE-465C-BC1E-817DE24E6DBF}.Release|x86.ActiveCfg = Release|Any CPU
		{7D702A22-1151-48DE-AFE1-99D9B8132392}.Ad-Hoc|Any CPU.ActiveCfg = Release|Any CPU
		{7D702A22-1151-48DE-AFE1-99D9B8132392}.Ad-Hoc|Any CPU.Build.0 = Release|Any CPU
		{7D702A22-1151-48DE-AFE1-99D9B8132392}.Ad-Hoc|Any CPU.Deploy.0 = Release|Any CPU
		{7D702A22-1151-48DE-AFE1-99D9B8132392}.Ad-Hoc|ARM.ActiveCfg = Release|Any CPU
		{7D702A22-1151-48DE-AFE1-99D9B8132392}.Ad-Hoc|iPhone.ActiveCfg = Release|Any CPU
		{7D702A22-1151-48DE-AFE1-99D9B8132392}.Ad-Hoc|iPhoneSimulator.ActiveCfg = Release|Any CPU
		{7D702A22-1151-48DE-AFE1-99D9B8132392}.Ad-Hoc|Mixed Platforms.ActiveCfg = Release|Any CPU
		{7D702A22-1151-48DE-AFE1-99D9B8132392}.Ad-Hoc|Mixed Platforms.Build.0 = Release|Any CPU
		{7D702A22-1151-48DE-AFE1-99D9B8132392}.Ad-Hoc|Mixed Platforms.Deploy.0 = Release|Any CPU
		{7D702A22-1151-48DE-AFE1-99D9B8132392}.Ad-Hoc|x64.ActiveCfg = Debug|Any CPU
		{7D702A22-1151-48DE-AFE1-99D9B8132392}.Ad-Hoc|x64.Build.0 = Debug|Any CPU
		{7D702A22-1151-48DE-AFE1-99D9B8132392}.Ad-Hoc|x64.Deploy.0 = Debug|Any CPU
		{7D702A22-1151-48DE-AFE1-99D9B8132392}.Ad-Hoc|x86.ActiveCfg = Release|Any CPU
		{7D702A22-1151-48DE-AFE1-99D9B8132392}.AppStore|Any CPU.ActiveCfg = Release|Any CPU
		{7D702A22-1151-48DE-AFE1-99D9B8132392}.AppStore|Any CPU.Build.0 = Release|Any CPU
		{7D702A22-1151-48DE-AFE1-99D9B8132392}.AppStore|Any CPU.Deploy.0 = Release|Any CPU
		{7D702A22-1151-48DE-AFE1-99D9B8132392}.AppStore|ARM.ActiveCfg = Release|Any CPU
		{7D702A22-1151-48DE-AFE1-99D9B8132392}.AppStore|iPhone.ActiveCfg = Release|Any CPU
		{7D702A22-1151-48DE-AFE1-99D9B8132392}.AppStore|iPhoneSimulator.ActiveCfg = Release|Any CPU
		{7D702A22-1151-48DE-AFE1-99D9B8132392}.AppStore|Mixed Platforms.ActiveCfg = Release|Any CPU
		{7D702A22-1151-48DE-AFE1-99D9B8132392}.AppStore|Mixed Platforms.Build.0 = Release|Any CPU
		{7D702A22-1151-48DE-AFE1-99D9B8132392}.AppStore|Mixed Platforms.Deploy.0 = Release|Any CPU
		{7D702A22-1151-48DE-AFE1-99D9B8132392}.AppStore|x64.ActiveCfg = Debug|Any CPU
		{7D702A22-1151-48DE-AFE1-99D9B8132392}.AppStore|x64.Build.0 = Debug|Any CPU
		{7D702A22-1151-48DE-AFE1-99D9B8132392}.AppStore|x64.Deploy.0 = Debug|Any CPU
		{7D702A22-1151-48DE-AFE1-99D9B8132392}.AppStore|x86.ActiveCfg = Release|Any CPU
		{7D702A22-1151-48DE-AFE1-99D9B8132392}.Debug|Any CPU.ActiveCfg = Debug|Any CPU
		{7D702A22-1151-48DE-AFE1-99D9B8132392}.Debug|Any CPU.Build.0 = Debug|Any CPU
		{7D702A22-1151-48DE-AFE1-99D9B8132392}.Debug|Any CPU.Deploy.0 = Debug|Any CPU
		{7D702A22-1151-48DE-AFE1-99D9B8132392}.Debug|ARM.ActiveCfg = Debug|Any CPU
		{7D702A22-1151-48DE-AFE1-99D9B8132392}.Debug|iPhone.ActiveCfg = Debug|Any CPU
		{7D702A22-1151-48DE-AFE1-99D9B8132392}.Debug|iPhoneSimulator.ActiveCfg = Debug|Any CPU
		{7D702A22-1151-48DE-AFE1-99D9B8132392}.Debug|Mixed Platforms.ActiveCfg = Debug|Any CPU
		{7D702A22-1151-48DE-AFE1-99D9B8132392}.Debug|Mixed Platforms.Build.0 = Debug|Any CPU
		{7D702A22-1151-48DE-AFE1-99D9B8132392}.Debug|Mixed Platforms.Deploy.0 = Debug|Any CPU
		{7D702A22-1151-48DE-AFE1-99D9B8132392}.Debug|x64.ActiveCfg = Debug|Any CPU
		{7D702A22-1151-48DE-AFE1-99D9B8132392}.Debug|x64.Build.0 = Debug|Any CPU
		{7D702A22-1151-48DE-AFE1-99D9B8132392}.Debug|x64.Deploy.0 = Debug|Any CPU
		{7D702A22-1151-48DE-AFE1-99D9B8132392}.Debug|x86.ActiveCfg = Debug|Any CPU
		{7D702A22-1151-48DE-AFE1-99D9B8132392}.Debug|x86.Deploy.0 = Debug|Any CPU
		{7D702A22-1151-48DE-AFE1-99D9B8132392}.Release|Any CPU.ActiveCfg = Release|Any CPU
		{7D702A22-1151-48DE-AFE1-99D9B8132392}.Release|Any CPU.Build.0 = Release|Any CPU
		{7D702A22-1151-48DE-AFE1-99D9B8132392}.Release|Any CPU.Deploy.0 = Release|Any CPU
		{7D702A22-1151-48DE-AFE1-99D9B8132392}.Release|ARM.ActiveCfg = Release|Any CPU
		{7D702A22-1151-48DE-AFE1-99D9B8132392}.Release|iPhone.ActiveCfg = Release|Any CPU
		{7D702A22-1151-48DE-AFE1-99D9B8132392}.Release|iPhoneSimulator.ActiveCfg = Release|Any CPU
		{7D702A22-1151-48DE-AFE1-99D9B8132392}.Release|Mixed Platforms.ActiveCfg = Release|Any CPU
		{7D702A22-1151-48DE-AFE1-99D9B8132392}.Release|Mixed Platforms.Build.0 = Release|Any CPU
		{7D702A22-1151-48DE-AFE1-99D9B8132392}.Release|Mixed Platforms.Deploy.0 = Release|Any CPU
		{7D702A22-1151-48DE-AFE1-99D9B8132392}.Release|x64.ActiveCfg = Release|Any CPU
		{7D702A22-1151-48DE-AFE1-99D9B8132392}.Release|x64.Build.0 = Release|Any CPU
		{7D702A22-1151-48DE-AFE1-99D9B8132392}.Release|x64.Deploy.0 = Release|Any CPU
		{7D702A22-1151-48DE-AFE1-99D9B8132392}.Release|x86.ActiveCfg = Release|Any CPU
		{14617070-2652-4F48-BC5C-DE3052BF2ACD}.Ad-Hoc|Any CPU.ActiveCfg = Release|Any CPU
		{14617070-2652-4F48-BC5C-DE3052BF2ACD}.Ad-Hoc|Any CPU.Build.0 = Release|Any CPU
		{14617070-2652-4F48-BC5C-DE3052BF2ACD}.Ad-Hoc|Any CPU.Deploy.0 = Release|Any CPU
		{14617070-2652-4F48-BC5C-DE3052BF2ACD}.Ad-Hoc|ARM.ActiveCfg = Release|ARM
		{14617070-2652-4F48-BC5C-DE3052BF2ACD}.Ad-Hoc|ARM.Build.0 = Release|ARM
		{14617070-2652-4F48-BC5C-DE3052BF2ACD}.Ad-Hoc|ARM.Deploy.0 = Release|ARM
		{14617070-2652-4F48-BC5C-DE3052BF2ACD}.Ad-Hoc|iPhone.ActiveCfg = Release|Any CPU
		{14617070-2652-4F48-BC5C-DE3052BF2ACD}.Ad-Hoc|iPhoneSimulator.ActiveCfg = Release|Any CPU
		{14617070-2652-4F48-BC5C-DE3052BF2ACD}.Ad-Hoc|Mixed Platforms.ActiveCfg = Release|x86
		{14617070-2652-4F48-BC5C-DE3052BF2ACD}.Ad-Hoc|Mixed Platforms.Build.0 = Release|x86
		{14617070-2652-4F48-BC5C-DE3052BF2ACD}.Ad-Hoc|Mixed Platforms.Deploy.0 = Release|x86
		{14617070-2652-4F48-BC5C-DE3052BF2ACD}.Ad-Hoc|x64.ActiveCfg = Debug|Any CPU
		{14617070-2652-4F48-BC5C-DE3052BF2ACD}.Ad-Hoc|x64.Build.0 = Debug|Any CPU
		{14617070-2652-4F48-BC5C-DE3052BF2ACD}.Ad-Hoc|x64.Deploy.0 = Debug|Any CPU
		{14617070-2652-4F48-BC5C-DE3052BF2ACD}.Ad-Hoc|x86.ActiveCfg = Release|x86
		{14617070-2652-4F48-BC5C-DE3052BF2ACD}.Ad-Hoc|x86.Build.0 = Release|x86
		{14617070-2652-4F48-BC5C-DE3052BF2ACD}.Ad-Hoc|x86.Deploy.0 = Release|x86
		{14617070-2652-4F48-BC5C-DE3052BF2ACD}.AppStore|Any CPU.ActiveCfg = Release|Any CPU
		{14617070-2652-4F48-BC5C-DE3052BF2ACD}.AppStore|Any CPU.Build.0 = Release|Any CPU
		{14617070-2652-4F48-BC5C-DE3052BF2ACD}.AppStore|Any CPU.Deploy.0 = Release|Any CPU
		{14617070-2652-4F48-BC5C-DE3052BF2ACD}.AppStore|ARM.ActiveCfg = Release|ARM
		{14617070-2652-4F48-BC5C-DE3052BF2ACD}.AppStore|ARM.Build.0 = Release|ARM
		{14617070-2652-4F48-BC5C-DE3052BF2ACD}.AppStore|ARM.Deploy.0 = Release|ARM
		{14617070-2652-4F48-BC5C-DE3052BF2ACD}.AppStore|iPhone.ActiveCfg = Release|Any CPU
		{14617070-2652-4F48-BC5C-DE3052BF2ACD}.AppStore|iPhoneSimulator.ActiveCfg = Release|Any CPU
		{14617070-2652-4F48-BC5C-DE3052BF2ACD}.AppStore|Mixed Platforms.ActiveCfg = Release|x86
		{14617070-2652-4F48-BC5C-DE3052BF2ACD}.AppStore|Mixed Platforms.Build.0 = Release|x86
		{14617070-2652-4F48-BC5C-DE3052BF2ACD}.AppStore|Mixed Platforms.Deploy.0 = Release|x86
		{14617070-2652-4F48-BC5C-DE3052BF2ACD}.AppStore|x64.ActiveCfg = Debug|Any CPU
		{14617070-2652-4F48-BC5C-DE3052BF2ACD}.AppStore|x64.Build.0 = Debug|Any CPU
		{14617070-2652-4F48-BC5C-DE3052BF2ACD}.AppStore|x64.Deploy.0 = Debug|Any CPU
		{14617070-2652-4F48-BC5C-DE3052BF2ACD}.AppStore|x86.ActiveCfg = Release|x86
		{14617070-2652-4F48-BC5C-DE3052BF2ACD}.AppStore|x86.Build.0 = Release|x86
		{14617070-2652-4F48-BC5C-DE3052BF2ACD}.AppStore|x86.Deploy.0 = Release|x86
		{14617070-2652-4F48-BC5C-DE3052BF2ACD}.Debug|Any CPU.ActiveCfg = Debug|Any CPU
		{14617070-2652-4F48-BC5C-DE3052BF2ACD}.Debug|Any CPU.Build.0 = Debug|Any CPU
		{14617070-2652-4F48-BC5C-DE3052BF2ACD}.Debug|Any CPU.Deploy.0 = Debug|Any CPU
		{14617070-2652-4F48-BC5C-DE3052BF2ACD}.Debug|ARM.ActiveCfg = Debug|ARM
		{14617070-2652-4F48-BC5C-DE3052BF2ACD}.Debug|ARM.Build.0 = Debug|ARM
		{14617070-2652-4F48-BC5C-DE3052BF2ACD}.Debug|ARM.Deploy.0 = Debug|ARM
		{14617070-2652-4F48-BC5C-DE3052BF2ACD}.Debug|iPhone.ActiveCfg = Debug|Any CPU
		{14617070-2652-4F48-BC5C-DE3052BF2ACD}.Debug|iPhoneSimulator.ActiveCfg = Debug|Any CPU
		{14617070-2652-4F48-BC5C-DE3052BF2ACD}.Debug|Mixed Platforms.ActiveCfg = Debug|x86
		{14617070-2652-4F48-BC5C-DE3052BF2ACD}.Debug|Mixed Platforms.Build.0 = Debug|x86
		{14617070-2652-4F48-BC5C-DE3052BF2ACD}.Debug|Mixed Platforms.Deploy.0 = Debug|x86
		{14617070-2652-4F48-BC5C-DE3052BF2ACD}.Debug|x64.ActiveCfg = Debug|Any CPU
		{14617070-2652-4F48-BC5C-DE3052BF2ACD}.Debug|x64.Build.0 = Debug|Any CPU
		{14617070-2652-4F48-BC5C-DE3052BF2ACD}.Debug|x64.Deploy.0 = Debug|Any CPU
		{14617070-2652-4F48-BC5C-DE3052BF2ACD}.Debug|x86.ActiveCfg = Debug|x86
		{14617070-2652-4F48-BC5C-DE3052BF2ACD}.Debug|x86.Build.0 = Debug|x86
		{14617070-2652-4F48-BC5C-DE3052BF2ACD}.Debug|x86.Deploy.0 = Debug|x86
		{14617070-2652-4F48-BC5C-DE3052BF2ACD}.Release|Any CPU.ActiveCfg = Release|Any CPU
		{14617070-2652-4F48-BC5C-DE3052BF2ACD}.Release|Any CPU.Build.0 = Release|Any CPU
		{14617070-2652-4F48-BC5C-DE3052BF2ACD}.Release|Any CPU.Deploy.0 = Release|Any CPU
		{14617070-2652-4F48-BC5C-DE3052BF2ACD}.Release|ARM.ActiveCfg = Release|ARM
		{14617070-2652-4F48-BC5C-DE3052BF2ACD}.Release|ARM.Build.0 = Release|ARM
		{14617070-2652-4F48-BC5C-DE3052BF2ACD}.Release|ARM.Deploy.0 = Release|ARM
		{14617070-2652-4F48-BC5C-DE3052BF2ACD}.Release|iPhone.ActiveCfg = Release|Any CPU
		{14617070-2652-4F48-BC5C-DE3052BF2ACD}.Release|iPhoneSimulator.ActiveCfg = Release|Any CPU
		{14617070-2652-4F48-BC5C-DE3052BF2ACD}.Release|Mixed Platforms.ActiveCfg = Release|x86
		{14617070-2652-4F48-BC5C-DE3052BF2ACD}.Release|Mixed Platforms.Build.0 = Release|x86
		{14617070-2652-4F48-BC5C-DE3052BF2ACD}.Release|Mixed Platforms.Deploy.0 = Release|x86
		{14617070-2652-4F48-BC5C-DE3052BF2ACD}.Release|x64.ActiveCfg = Release|Any CPU
		{14617070-2652-4F48-BC5C-DE3052BF2ACD}.Release|x64.Build.0 = Release|Any CPU
		{14617070-2652-4F48-BC5C-DE3052BF2ACD}.Release|x64.Deploy.0 = Release|Any CPU
		{14617070-2652-4F48-BC5C-DE3052BF2ACD}.Release|x86.ActiveCfg = Release|x86
		{14617070-2652-4F48-BC5C-DE3052BF2ACD}.Release|x86.Build.0 = Release|x86
		{14617070-2652-4F48-BC5C-DE3052BF2ACD}.Release|x86.Deploy.0 = Release|x86
		{9AB53FDD-2740-4166-AF54-D7B181944666}.Ad-Hoc|Any CPU.ActiveCfg = Release|Any CPU
		{9AB53FDD-2740-4166-AF54-D7B181944666}.Ad-Hoc|Any CPU.Build.0 = Release|Any CPU
		{9AB53FDD-2740-4166-AF54-D7B181944666}.Ad-Hoc|ARM.ActiveCfg = Release|Any CPU
		{9AB53FDD-2740-4166-AF54-D7B181944666}.Ad-Hoc|iPhone.ActiveCfg = Release|Any CPU
		{9AB53FDD-2740-4166-AF54-D7B181944666}.Ad-Hoc|iPhoneSimulator.ActiveCfg = Release|Any CPU
		{9AB53FDD-2740-4166-AF54-D7B181944666}.Ad-Hoc|Mixed Platforms.ActiveCfg = Release|Any CPU
		{9AB53FDD-2740-4166-AF54-D7B181944666}.Ad-Hoc|Mixed Platforms.Build.0 = Release|Any CPU
		{9AB53FDD-2740-4166-AF54-D7B181944666}.Ad-Hoc|x64.ActiveCfg = Debug|Any CPU
		{9AB53FDD-2740-4166-AF54-D7B181944666}.Ad-Hoc|x64.Build.0 = Debug|Any CPU
		{9AB53FDD-2740-4166-AF54-D7B181944666}.Ad-Hoc|x86.ActiveCfg = Release|Any CPU
		{9AB53FDD-2740-4166-AF54-D7B181944666}.AppStore|Any CPU.ActiveCfg = Release|Any CPU
		{9AB53FDD-2740-4166-AF54-D7B181944666}.AppStore|Any CPU.Build.0 = Release|Any CPU
		{9AB53FDD-2740-4166-AF54-D7B181944666}.AppStore|ARM.ActiveCfg = Release|Any CPU
		{9AB53FDD-2740-4166-AF54-D7B181944666}.AppStore|iPhone.ActiveCfg = Release|Any CPU
		{9AB53FDD-2740-4166-AF54-D7B181944666}.AppStore|iPhoneSimulator.ActiveCfg = Release|Any CPU
		{9AB53FDD-2740-4166-AF54-D7B181944666}.AppStore|Mixed Platforms.ActiveCfg = Release|Any CPU
		{9AB53FDD-2740-4166-AF54-D7B181944666}.AppStore|Mixed Platforms.Build.0 = Release|Any CPU
		{9AB53FDD-2740-4166-AF54-D7B181944666}.AppStore|x64.ActiveCfg = Debug|Any CPU
		{9AB53FDD-2740-4166-AF54-D7B181944666}.AppStore|x64.Build.0 = Debug|Any CPU
		{9AB53FDD-2740-4166-AF54-D7B181944666}.AppStore|x86.ActiveCfg = Release|Any CPU
		{9AB53FDD-2740-4166-AF54-D7B181944666}.Debug|Any CPU.ActiveCfg = Debug|Any CPU
		{9AB53FDD-2740-4166-AF54-D7B181944666}.Debug|Any CPU.Build.0 = Debug|Any CPU
		{9AB53FDD-2740-4166-AF54-D7B181944666}.Debug|ARM.ActiveCfg = Debug|Any CPU
		{9AB53FDD-2740-4166-AF54-D7B181944666}.Debug|iPhone.ActiveCfg = Debug|Any CPU
		{9AB53FDD-2740-4166-AF54-D7B181944666}.Debug|iPhoneSimulator.ActiveCfg = Debug|Any CPU
		{9AB53FDD-2740-4166-AF54-D7B181944666}.Debug|Mixed Platforms.ActiveCfg = Debug|Any CPU
		{9AB53FDD-2740-4166-AF54-D7B181944666}.Debug|Mixed Platforms.Build.0 = Debug|Any CPU
		{9AB53FDD-2740-4166-AF54-D7B181944666}.Debug|x64.ActiveCfg = Debug|Any CPU
		{9AB53FDD-2740-4166-AF54-D7B181944666}.Debug|x64.Build.0 = Debug|Any CPU
		{9AB53FDD-2740-4166-AF54-D7B181944666}.Debug|x86.ActiveCfg = Debug|Any CPU
		{9AB53FDD-2740-4166-AF54-D7B181944666}.Release|Any CPU.ActiveCfg = Release|Any CPU
		{9AB53FDD-2740-4166-AF54-D7B181944666}.Release|Any CPU.Build.0 = Release|Any CPU
		{9AB53FDD-2740-4166-AF54-D7B181944666}.Release|ARM.ActiveCfg = Release|Any CPU
		{9AB53FDD-2740-4166-AF54-D7B181944666}.Release|iPhone.ActiveCfg = Release|Any CPU
		{9AB53FDD-2740-4166-AF54-D7B181944666}.Release|iPhoneSimulator.ActiveCfg = Release|Any CPU
		{9AB53FDD-2740-4166-AF54-D7B181944666}.Release|Mixed Platforms.ActiveCfg = Release|Any CPU
		{9AB53FDD-2740-4166-AF54-D7B181944666}.Release|Mixed Platforms.Build.0 = Release|Any CPU
		{9AB53FDD-2740-4166-AF54-D7B181944666}.Release|x64.ActiveCfg = Release|Any CPU
		{9AB53FDD-2740-4166-AF54-D7B181944666}.Release|x64.Build.0 = Release|Any CPU
		{9AB53FDD-2740-4166-AF54-D7B181944666}.Release|x86.ActiveCfg = Release|Any CPU
		{80780B7E-2F9E-4897-8EA3-293207DB1B23}.Ad-Hoc|Any CPU.ActiveCfg = Ad-Hoc|iPhone
		{80780B7E-2F9E-4897-8EA3-293207DB1B23}.Ad-Hoc|ARM.ActiveCfg = Ad-Hoc|iPhone
		{80780B7E-2F9E-4897-8EA3-293207DB1B23}.Ad-Hoc|iPhone.ActiveCfg = Ad-Hoc|iPhone
		{80780B7E-2F9E-4897-8EA3-293207DB1B23}.Ad-Hoc|iPhone.Build.0 = Ad-Hoc|iPhone
		{80780B7E-2F9E-4897-8EA3-293207DB1B23}.Ad-Hoc|iPhoneSimulator.ActiveCfg = Ad-Hoc|iPhoneSimulator
		{80780B7E-2F9E-4897-8EA3-293207DB1B23}.Ad-Hoc|iPhoneSimulator.Build.0 = Ad-Hoc|iPhoneSimulator
		{80780B7E-2F9E-4897-8EA3-293207DB1B23}.Ad-Hoc|Mixed Platforms.ActiveCfg = Ad-Hoc|iPhone
		{80780B7E-2F9E-4897-8EA3-293207DB1B23}.Ad-Hoc|Mixed Platforms.Build.0 = Ad-Hoc|iPhone
		{80780B7E-2F9E-4897-8EA3-293207DB1B23}.Ad-Hoc|x64.ActiveCfg = Ad-Hoc|iPhoneSimulator
		{80780B7E-2F9E-4897-8EA3-293207DB1B23}.Ad-Hoc|x86.ActiveCfg = Ad-Hoc|iPhone
		{80780B7E-2F9E-4897-8EA3-293207DB1B23}.AppStore|Any CPU.ActiveCfg = AppStore|iPhone
		{80780B7E-2F9E-4897-8EA3-293207DB1B23}.AppStore|ARM.ActiveCfg = AppStore|iPhone
		{80780B7E-2F9E-4897-8EA3-293207DB1B23}.AppStore|iPhone.ActiveCfg = AppStore|iPhone
		{80780B7E-2F9E-4897-8EA3-293207DB1B23}.AppStore|iPhone.Build.0 = AppStore|iPhone
		{80780B7E-2F9E-4897-8EA3-293207DB1B23}.AppStore|iPhoneSimulator.ActiveCfg = AppStore|iPhoneSimulator
		{80780B7E-2F9E-4897-8EA3-293207DB1B23}.AppStore|iPhoneSimulator.Build.0 = AppStore|iPhoneSimulator
		{80780B7E-2F9E-4897-8EA3-293207DB1B23}.AppStore|Mixed Platforms.ActiveCfg = AppStore|iPhone
		{80780B7E-2F9E-4897-8EA3-293207DB1B23}.AppStore|Mixed Platforms.Build.0 = AppStore|iPhone
		{80780B7E-2F9E-4897-8EA3-293207DB1B23}.AppStore|x64.ActiveCfg = AppStore|iPhoneSimulator
		{80780B7E-2F9E-4897-8EA3-293207DB1B23}.AppStore|x86.ActiveCfg = AppStore|iPhone
		{80780B7E-2F9E-4897-8EA3-293207DB1B23}.Debug|Any CPU.ActiveCfg = Debug|iPhone
		{80780B7E-2F9E-4897-8EA3-293207DB1B23}.Debug|Any CPU.Build.0 = Debug|iPhone
		{80780B7E-2F9E-4897-8EA3-293207DB1B23}.Debug|ARM.ActiveCfg = Debug|iPhone
		{80780B7E-2F9E-4897-8EA3-293207DB1B23}.Debug|iPhone.ActiveCfg = Debug|iPhone
		{80780B7E-2F9E-4897-8EA3-293207DB1B23}.Debug|iPhone.Build.0 = Debug|iPhone
		{80780B7E-2F9E-4897-8EA3-293207DB1B23}.Debug|iPhoneSimulator.ActiveCfg = Debug|iPhoneSimulator
		{80780B7E-2F9E-4897-8EA3-293207DB1B23}.Debug|iPhoneSimulator.Build.0 = Debug|iPhoneSimulator
		{80780B7E-2F9E-4897-8EA3-293207DB1B23}.Debug|Mixed Platforms.ActiveCfg = Debug|iPhone
		{80780B7E-2F9E-4897-8EA3-293207DB1B23}.Debug|Mixed Platforms.Build.0 = Debug|iPhone
		{80780B7E-2F9E-4897-8EA3-293207DB1B23}.Debug|x64.ActiveCfg = Debug|iPhoneSimulator
		{80780B7E-2F9E-4897-8EA3-293207DB1B23}.Debug|x86.ActiveCfg = Debug|iPhone
		{80780B7E-2F9E-4897-8EA3-293207DB1B23}.Release|Any CPU.ActiveCfg = Release|iPhone
		{80780B7E-2F9E-4897-8EA3-293207DB1B23}.Release|ARM.ActiveCfg = Release|iPhone
		{80780B7E-2F9E-4897-8EA3-293207DB1B23}.Release|iPhone.ActiveCfg = Release|iPhone
		{80780B7E-2F9E-4897-8EA3-293207DB1B23}.Release|iPhone.Build.0 = Release|iPhone
		{80780B7E-2F9E-4897-8EA3-293207DB1B23}.Release|iPhoneSimulator.ActiveCfg = Release|iPhoneSimulator
		{80780B7E-2F9E-4897-8EA3-293207DB1B23}.Release|iPhoneSimulator.Build.0 = Release|iPhoneSimulator
		{80780B7E-2F9E-4897-8EA3-293207DB1B23}.Release|Mixed Platforms.ActiveCfg = Release|iPhone
		{80780B7E-2F9E-4897-8EA3-293207DB1B23}.Release|Mixed Platforms.Build.0 = Release|iPhone
		{80780B7E-2F9E-4897-8EA3-293207DB1B23}.Release|x64.ActiveCfg = Release|iPhoneSimulator
		{80780B7E-2F9E-4897-8EA3-293207DB1B23}.Release|x86.ActiveCfg = Release|iPhone
		{22D8F007-DE79-4026-80F2-6CCB55C138D1}.Ad-Hoc|Any CPU.ActiveCfg = Release|Any CPU
		{22D8F007-DE79-4026-80F2-6CCB55C138D1}.Ad-Hoc|Any CPU.Build.0 = Release|Any CPU
		{22D8F007-DE79-4026-80F2-6CCB55C138D1}.Ad-Hoc|Any CPU.Deploy.0 = Release|Any CPU
		{22D8F007-DE79-4026-80F2-6CCB55C138D1}.Ad-Hoc|ARM.ActiveCfg = Release|Any CPU
		{22D8F007-DE79-4026-80F2-6CCB55C138D1}.Ad-Hoc|iPhone.ActiveCfg = Release|Any CPU
		{22D8F007-DE79-4026-80F2-6CCB55C138D1}.Ad-Hoc|iPhoneSimulator.ActiveCfg = Release|Any CPU
		{22D8F007-DE79-4026-80F2-6CCB55C138D1}.Ad-Hoc|Mixed Platforms.ActiveCfg = Release|Any CPU
		{22D8F007-DE79-4026-80F2-6CCB55C138D1}.Ad-Hoc|Mixed Platforms.Build.0 = Release|Any CPU
		{22D8F007-DE79-4026-80F2-6CCB55C138D1}.Ad-Hoc|Mixed Platforms.Deploy.0 = Release|Any CPU
		{22D8F007-DE79-4026-80F2-6CCB55C138D1}.Ad-Hoc|x64.ActiveCfg = Debug|Any CPU
		{22D8F007-DE79-4026-80F2-6CCB55C138D1}.Ad-Hoc|x64.Build.0 = Debug|Any CPU
		{22D8F007-DE79-4026-80F2-6CCB55C138D1}.Ad-Hoc|x64.Deploy.0 = Debug|Any CPU
		{22D8F007-DE79-4026-80F2-6CCB55C138D1}.Ad-Hoc|x86.ActiveCfg = Release|Any CPU
		{22D8F007-DE79-4026-80F2-6CCB55C138D1}.AppStore|Any CPU.ActiveCfg = Release|Any CPU
		{22D8F007-DE79-4026-80F2-6CCB55C138D1}.AppStore|Any CPU.Build.0 = Release|Any CPU
		{22D8F007-DE79-4026-80F2-6CCB55C138D1}.AppStore|Any CPU.Deploy.0 = Release|Any CPU
		{22D8F007-DE79-4026-80F2-6CCB55C138D1}.AppStore|ARM.ActiveCfg = Release|Any CPU
		{22D8F007-DE79-4026-80F2-6CCB55C138D1}.AppStore|iPhone.ActiveCfg = Release|Any CPU
		{22D8F007-DE79-4026-80F2-6CCB55C138D1}.AppStore|iPhoneSimulator.ActiveCfg = Release|Any CPU
		{22D8F007-DE79-4026-80F2-6CCB55C138D1}.AppStore|Mixed Platforms.ActiveCfg = Release|Any CPU
		{22D8F007-DE79-4026-80F2-6CCB55C138D1}.AppStore|Mixed Platforms.Build.0 = Release|Any CPU
		{22D8F007-DE79-4026-80F2-6CCB55C138D1}.AppStore|Mixed Platforms.Deploy.0 = Release|Any CPU
		{22D8F007-DE79-4026-80F2-6CCB55C138D1}.AppStore|x64.ActiveCfg = Debug|Any CPU
		{22D8F007-DE79-4026-80F2-6CCB55C138D1}.AppStore|x64.Build.0 = Debug|Any CPU
		{22D8F007-DE79-4026-80F2-6CCB55C138D1}.AppStore|x64.Deploy.0 = Debug|Any CPU
		{22D8F007-DE79-4026-80F2-6CCB55C138D1}.AppStore|x86.ActiveCfg = Release|Any CPU
		{22D8F007-DE79-4026-80F2-6CCB55C138D1}.Debug|Any CPU.ActiveCfg = Debug|Any CPU
		{22D8F007-DE79-4026-80F2-6CCB55C138D1}.Debug|Any CPU.Build.0 = Debug|Any CPU
		{22D8F007-DE79-4026-80F2-6CCB55C138D1}.Debug|Any CPU.Deploy.0 = Debug|Any CPU
		{22D8F007-DE79-4026-80F2-6CCB55C138D1}.Debug|ARM.ActiveCfg = Debug|Any CPU
		{22D8F007-DE79-4026-80F2-6CCB55C138D1}.Debug|ARM.Build.0 = Debug|Any CPU
		{22D8F007-DE79-4026-80F2-6CCB55C138D1}.Debug|ARM.Deploy.0 = Debug|Any CPU
		{22D8F007-DE79-4026-80F2-6CCB55C138D1}.Debug|iPhone.ActiveCfg = Debug|Any CPU
		{22D8F007-DE79-4026-80F2-6CCB55C138D1}.Debug|iPhoneSimulator.ActiveCfg = Debug|Any CPU
		{22D8F007-DE79-4026-80F2-6CCB55C138D1}.Debug|Mixed Platforms.ActiveCfg = Debug|Any CPU
		{22D8F007-DE79-4026-80F2-6CCB55C138D1}.Debug|Mixed Platforms.Build.0 = Debug|Any CPU
		{22D8F007-DE79-4026-80F2-6CCB55C138D1}.Debug|Mixed Platforms.Deploy.0 = Debug|Any CPU
		{22D8F007-DE79-4026-80F2-6CCB55C138D1}.Debug|x64.ActiveCfg = Debug|Any CPU
		{22D8F007-DE79-4026-80F2-6CCB55C138D1}.Debug|x64.Build.0 = Debug|Any CPU
		{22D8F007-DE79-4026-80F2-6CCB55C138D1}.Debug|x64.Deploy.0 = Debug|Any CPU
		{22D8F007-DE79-4026-80F2-6CCB55C138D1}.Debug|x86.ActiveCfg = Debug|Any CPU
		{22D8F007-DE79-4026-80F2-6CCB55C138D1}.Debug|x86.Build.0 = Debug|Any CPU
		{22D8F007-DE79-4026-80F2-6CCB55C138D1}.Debug|x86.Deploy.0 = Debug|Any CPU
		{22D8F007-DE79-4026-80F2-6CCB55C138D1}.Release|Any CPU.ActiveCfg = Release|Any CPU
		{22D8F007-DE79-4026-80F2-6CCB55C138D1}.Release|Any CPU.Build.0 = Release|Any CPU
		{22D8F007-DE79-4026-80F2-6CCB55C138D1}.Release|Any CPU.Deploy.0 = Release|Any CPU
		{22D8F007-DE79-4026-80F2-6CCB55C138D1}.Release|ARM.ActiveCfg = Release|Any CPU
		{22D8F007-DE79-4026-80F2-6CCB55C138D1}.Release|iPhone.ActiveCfg = Release|Any CPU
		{22D8F007-DE79-4026-80F2-6CCB55C138D1}.Release|iPhoneSimulator.ActiveCfg = Release|Any CPU
		{22D8F007-DE79-4026-80F2-6CCB55C138D1}.Release|Mixed Platforms.ActiveCfg = Release|Any CPU
		{22D8F007-DE79-4026-80F2-6CCB55C138D1}.Release|Mixed Platforms.Build.0 = Release|Any CPU
		{22D8F007-DE79-4026-80F2-6CCB55C138D1}.Release|Mixed Platforms.Deploy.0 = Release|Any CPU
		{22D8F007-DE79-4026-80F2-6CCB55C138D1}.Release|x64.ActiveCfg = Release|Any CPU
		{22D8F007-DE79-4026-80F2-6CCB55C138D1}.Release|x64.Build.0 = Release|Any CPU
		{22D8F007-DE79-4026-80F2-6CCB55C138D1}.Release|x64.Deploy.0 = Release|Any CPU
		{22D8F007-DE79-4026-80F2-6CCB55C138D1}.Release|x86.ActiveCfg = Release|Any CPU
		{1CF55EC8-FCA5-4909-B37B-57B16423F1C9}.Ad-Hoc|Any CPU.ActiveCfg = Release|Any CPU
		{1CF55EC8-FCA5-4909-B37B-57B16423F1C9}.Ad-Hoc|Any CPU.Build.0 = Release|Any CPU
		{1CF55EC8-FCA5-4909-B37B-57B16423F1C9}.Ad-Hoc|Any CPU.Deploy.0 = Release|Any CPU
		{1CF55EC8-FCA5-4909-B37B-57B16423F1C9}.Ad-Hoc|ARM.ActiveCfg = Release|ARM
		{1CF55EC8-FCA5-4909-B37B-57B16423F1C9}.Ad-Hoc|ARM.Build.0 = Release|ARM
		{1CF55EC8-FCA5-4909-B37B-57B16423F1C9}.Ad-Hoc|ARM.Deploy.0 = Release|ARM
		{1CF55EC8-FCA5-4909-B37B-57B16423F1C9}.Ad-Hoc|iPhone.ActiveCfg = Release|Any CPU
		{1CF55EC8-FCA5-4909-B37B-57B16423F1C9}.Ad-Hoc|iPhoneSimulator.ActiveCfg = Release|Any CPU
		{1CF55EC8-FCA5-4909-B37B-57B16423F1C9}.Ad-Hoc|Mixed Platforms.ActiveCfg = Release|x86
		{1CF55EC8-FCA5-4909-B37B-57B16423F1C9}.Ad-Hoc|Mixed Platforms.Build.0 = Release|x86
		{1CF55EC8-FCA5-4909-B37B-57B16423F1C9}.Ad-Hoc|Mixed Platforms.Deploy.0 = Release|x86
		{1CF55EC8-FCA5-4909-B37B-57B16423F1C9}.Ad-Hoc|x64.ActiveCfg = Debug|Any CPU
		{1CF55EC8-FCA5-4909-B37B-57B16423F1C9}.Ad-Hoc|x64.Build.0 = Debug|Any CPU
		{1CF55EC8-FCA5-4909-B37B-57B16423F1C9}.Ad-Hoc|x64.Deploy.0 = Debug|Any CPU
		{1CF55EC8-FCA5-4909-B37B-57B16423F1C9}.Ad-Hoc|x86.ActiveCfg = Release|x86
		{1CF55EC8-FCA5-4909-B37B-57B16423F1C9}.Ad-Hoc|x86.Build.0 = Release|x86
		{1CF55EC8-FCA5-4909-B37B-57B16423F1C9}.Ad-Hoc|x86.Deploy.0 = Release|x86
		{1CF55EC8-FCA5-4909-B37B-57B16423F1C9}.AppStore|Any CPU.ActiveCfg = Release|Any CPU
		{1CF55EC8-FCA5-4909-B37B-57B16423F1C9}.AppStore|Any CPU.Build.0 = Release|Any CPU
		{1CF55EC8-FCA5-4909-B37B-57B16423F1C9}.AppStore|Any CPU.Deploy.0 = Release|Any CPU
		{1CF55EC8-FCA5-4909-B37B-57B16423F1C9}.AppStore|ARM.ActiveCfg = Release|ARM
		{1CF55EC8-FCA5-4909-B37B-57B16423F1C9}.AppStore|ARM.Build.0 = Release|ARM
		{1CF55EC8-FCA5-4909-B37B-57B16423F1C9}.AppStore|ARM.Deploy.0 = Release|ARM
		{1CF55EC8-FCA5-4909-B37B-57B16423F1C9}.AppStore|iPhone.ActiveCfg = Release|Any CPU
		{1CF55EC8-FCA5-4909-B37B-57B16423F1C9}.AppStore|iPhoneSimulator.ActiveCfg = Release|Any CPU
		{1CF55EC8-FCA5-4909-B37B-57B16423F1C9}.AppStore|Mixed Platforms.ActiveCfg = Release|x86
		{1CF55EC8-FCA5-4909-B37B-57B16423F1C9}.AppStore|Mixed Platforms.Build.0 = Release|x86
		{1CF55EC8-FCA5-4909-B37B-57B16423F1C9}.AppStore|Mixed Platforms.Deploy.0 = Release|x86
		{1CF55EC8-FCA5-4909-B37B-57B16423F1C9}.AppStore|x64.ActiveCfg = Debug|Any CPU
		{1CF55EC8-FCA5-4909-B37B-57B16423F1C9}.AppStore|x64.Build.0 = Debug|Any CPU
		{1CF55EC8-FCA5-4909-B37B-57B16423F1C9}.AppStore|x64.Deploy.0 = Debug|Any CPU
		{1CF55EC8-FCA5-4909-B37B-57B16423F1C9}.AppStore|x86.ActiveCfg = Release|x86
		{1CF55EC8-FCA5-4909-B37B-57B16423F1C9}.AppStore|x86.Build.0 = Release|x86
		{1CF55EC8-FCA5-4909-B37B-57B16423F1C9}.AppStore|x86.Deploy.0 = Release|x86
		{1CF55EC8-FCA5-4909-B37B-57B16423F1C9}.Debug|Any CPU.ActiveCfg = Debug|Any CPU
		{1CF55EC8-FCA5-4909-B37B-57B16423F1C9}.Debug|Any CPU.Build.0 = Debug|Any CPU
		{1CF55EC8-FCA5-4909-B37B-57B16423F1C9}.Debug|Any CPU.Deploy.0 = Debug|Any CPU
		{1CF55EC8-FCA5-4909-B37B-57B16423F1C9}.Debug|ARM.ActiveCfg = Debug|ARM
		{1CF55EC8-FCA5-4909-B37B-57B16423F1C9}.Debug|ARM.Build.0 = Debug|ARM
		{1CF55EC8-FCA5-4909-B37B-57B16423F1C9}.Debug|ARM.Deploy.0 = Debug|ARM
		{1CF55EC8-FCA5-4909-B37B-57B16423F1C9}.Debug|iPhone.ActiveCfg = Debug|Any CPU
		{1CF55EC8-FCA5-4909-B37B-57B16423F1C9}.Debug|iPhoneSimulator.ActiveCfg = Debug|Any CPU
		{1CF55EC8-FCA5-4909-B37B-57B16423F1C9}.Debug|Mixed Platforms.ActiveCfg = Debug|x86
		{1CF55EC8-FCA5-4909-B37B-57B16423F1C9}.Debug|Mixed Platforms.Build.0 = Debug|x86
		{1CF55EC8-FCA5-4909-B37B-57B16423F1C9}.Debug|Mixed Platforms.Deploy.0 = Debug|x86
		{1CF55EC8-FCA5-4909-B37B-57B16423F1C9}.Debug|x64.ActiveCfg = Debug|Any CPU
		{1CF55EC8-FCA5-4909-B37B-57B16423F1C9}.Debug|x64.Build.0 = Debug|Any CPU
		{1CF55EC8-FCA5-4909-B37B-57B16423F1C9}.Debug|x64.Deploy.0 = Debug|Any CPU
		{1CF55EC8-FCA5-4909-B37B-57B16423F1C9}.Debug|x86.ActiveCfg = Debug|x86
		{1CF55EC8-FCA5-4909-B37B-57B16423F1C9}.Debug|x86.Build.0 = Debug|x86
		{1CF55EC8-FCA5-4909-B37B-57B16423F1C9}.Debug|x86.Deploy.0 = Debug|x86
		{1CF55EC8-FCA5-4909-B37B-57B16423F1C9}.Release|Any CPU.ActiveCfg = Release|Any CPU
		{1CF55EC8-FCA5-4909-B37B-57B16423F1C9}.Release|Any CPU.Build.0 = Release|Any CPU
		{1CF55EC8-FCA5-4909-B37B-57B16423F1C9}.Release|Any CPU.Deploy.0 = Release|Any CPU
		{1CF55EC8-FCA5-4909-B37B-57B16423F1C9}.Release|ARM.ActiveCfg = Release|ARM
		{1CF55EC8-FCA5-4909-B37B-57B16423F1C9}.Release|ARM.Build.0 = Release|ARM
		{1CF55EC8-FCA5-4909-B37B-57B16423F1C9}.Release|ARM.Deploy.0 = Release|ARM
		{1CF55EC8-FCA5-4909-B37B-57B16423F1C9}.Release|iPhone.ActiveCfg = Release|Any CPU
		{1CF55EC8-FCA5-4909-B37B-57B16423F1C9}.Release|iPhoneSimulator.ActiveCfg = Release|Any CPU
		{1CF55EC8-FCA5-4909-B37B-57B16423F1C9}.Release|Mixed Platforms.ActiveCfg = Release|x86
		{1CF55EC8-FCA5-4909-B37B-57B16423F1C9}.Release|Mixed Platforms.Build.0 = Release|x86
		{1CF55EC8-FCA5-4909-B37B-57B16423F1C9}.Release|Mixed Platforms.Deploy.0 = Release|x86
		{1CF55EC8-FCA5-4909-B37B-57B16423F1C9}.Release|x64.ActiveCfg = Release|Any CPU
		{1CF55EC8-FCA5-4909-B37B-57B16423F1C9}.Release|x64.Build.0 = Release|Any CPU
		{1CF55EC8-FCA5-4909-B37B-57B16423F1C9}.Release|x64.Deploy.0 = Release|Any CPU
		{1CF55EC8-FCA5-4909-B37B-57B16423F1C9}.Release|x86.ActiveCfg = Release|x86
		{1CF55EC8-FCA5-4909-B37B-57B16423F1C9}.Release|x86.Build.0 = Release|x86
		{1CF55EC8-FCA5-4909-B37B-57B16423F1C9}.Release|x86.Deploy.0 = Release|x86
		{E4741EE2-1594-4630-A604-B32CFFB1A1C1}.Ad-Hoc|Any CPU.ActiveCfg = Release|Any CPU
		{E4741EE2-1594-4630-A604-B32CFFB1A1C1}.Ad-Hoc|Any CPU.Build.0 = Release|Any CPU
		{E4741EE2-1594-4630-A604-B32CFFB1A1C1}.Ad-Hoc|ARM.ActiveCfg = Release|Any CPU
		{E4741EE2-1594-4630-A604-B32CFFB1A1C1}.Ad-Hoc|iPhone.ActiveCfg = Release|Any CPU
		{E4741EE2-1594-4630-A604-B32CFFB1A1C1}.Ad-Hoc|iPhoneSimulator.ActiveCfg = Release|Any CPU
		{E4741EE2-1594-4630-A604-B32CFFB1A1C1}.Ad-Hoc|Mixed Platforms.ActiveCfg = Release|Any CPU
		{E4741EE2-1594-4630-A604-B32CFFB1A1C1}.Ad-Hoc|Mixed Platforms.Build.0 = Release|Any CPU
		{E4741EE2-1594-4630-A604-B32CFFB1A1C1}.Ad-Hoc|x64.ActiveCfg = Debug|Any CPU
		{E4741EE2-1594-4630-A604-B32CFFB1A1C1}.Ad-Hoc|x64.Build.0 = Debug|Any CPU
		{E4741EE2-1594-4630-A604-B32CFFB1A1C1}.Ad-Hoc|x86.ActiveCfg = Release|Any CPU
		{E4741EE2-1594-4630-A604-B32CFFB1A1C1}.AppStore|Any CPU.ActiveCfg = Release|Any CPU
		{E4741EE2-1594-4630-A604-B32CFFB1A1C1}.AppStore|Any CPU.Build.0 = Release|Any CPU
		{E4741EE2-1594-4630-A604-B32CFFB1A1C1}.AppStore|ARM.ActiveCfg = Release|Any CPU
		{E4741EE2-1594-4630-A604-B32CFFB1A1C1}.AppStore|iPhone.ActiveCfg = Release|Any CPU
		{E4741EE2-1594-4630-A604-B32CFFB1A1C1}.AppStore|iPhoneSimulator.ActiveCfg = Release|Any CPU
		{E4741EE2-1594-4630-A604-B32CFFB1A1C1}.AppStore|Mixed Platforms.ActiveCfg = Release|Any CPU
		{E4741EE2-1594-4630-A604-B32CFFB1A1C1}.AppStore|Mixed Platforms.Build.0 = Release|Any CPU
		{E4741EE2-1594-4630-A604-B32CFFB1A1C1}.AppStore|x64.ActiveCfg = Debug|Any CPU
		{E4741EE2-1594-4630-A604-B32CFFB1A1C1}.AppStore|x64.Build.0 = Debug|Any CPU
		{E4741EE2-1594-4630-A604-B32CFFB1A1C1}.AppStore|x86.ActiveCfg = Release|Any CPU
		{E4741EE2-1594-4630-A604-B32CFFB1A1C1}.Debug|Any CPU.ActiveCfg = Debug|Any CPU
		{E4741EE2-1594-4630-A604-B32CFFB1A1C1}.Debug|Any CPU.Build.0 = Debug|Any CPU
		{E4741EE2-1594-4630-A604-B32CFFB1A1C1}.Debug|ARM.ActiveCfg = Debug|Any CPU
		{E4741EE2-1594-4630-A604-B32CFFB1A1C1}.Debug|iPhone.ActiveCfg = Debug|Any CPU
		{E4741EE2-1594-4630-A604-B32CFFB1A1C1}.Debug|iPhoneSimulator.ActiveCfg = Debug|Any CPU
		{E4741EE2-1594-4630-A604-B32CFFB1A1C1}.Debug|Mixed Platforms.ActiveCfg = Debug|Any CPU
		{E4741EE2-1594-4630-A604-B32CFFB1A1C1}.Debug|Mixed Platforms.Build.0 = Debug|Any CPU
		{E4741EE2-1594-4630-A604-B32CFFB1A1C1}.Debug|x64.ActiveCfg = Debug|Any CPU
		{E4741EE2-1594-4630-A604-B32CFFB1A1C1}.Debug|x64.Build.0 = Debug|Any CPU
		{E4741EE2-1594-4630-A604-B32CFFB1A1C1}.Debug|x86.ActiveCfg = Debug|Any CPU
		{E4741EE2-1594-4630-A604-B32CFFB1A1C1}.Release|Any CPU.ActiveCfg = Release|Any CPU
		{E4741EE2-1594-4630-A604-B32CFFB1A1C1}.Release|Any CPU.Build.0 = Release|Any CPU
		{E4741EE2-1594-4630-A604-B32CFFB1A1C1}.Release|ARM.ActiveCfg = Release|Any CPU
		{E4741EE2-1594-4630-A604-B32CFFB1A1C1}.Release|iPhone.ActiveCfg = Release|Any CPU
		{E4741EE2-1594-4630-A604-B32CFFB1A1C1}.Release|iPhoneSimulator.ActiveCfg = Release|Any CPU
		{E4741EE2-1594-4630-A604-B32CFFB1A1C1}.Release|Mixed Platforms.ActiveCfg = Release|Any CPU
		{E4741EE2-1594-4630-A604-B32CFFB1A1C1}.Release|Mixed Platforms.Build.0 = Release|Any CPU
		{E4741EE2-1594-4630-A604-B32CFFB1A1C1}.Release|x64.ActiveCfg = Release|Any CPU
		{E4741EE2-1594-4630-A604-B32CFFB1A1C1}.Release|x64.Build.0 = Release|Any CPU
		{E4741EE2-1594-4630-A604-B32CFFB1A1C1}.Release|x86.ActiveCfg = Release|Any CPU
		{63277CB7-496D-4DD8-A487-0B8DD42A5A0E}.Ad-Hoc|Any CPU.ActiveCfg = Release|x86
		{63277CB7-496D-4DD8-A487-0B8DD42A5A0E}.Ad-Hoc|Any CPU.Build.0 = Release|x86
		{63277CB7-496D-4DD8-A487-0B8DD42A5A0E}.Ad-Hoc|Any CPU.Deploy.0 = Release|x86
		{63277CB7-496D-4DD8-A487-0B8DD42A5A0E}.Ad-Hoc|ARM.ActiveCfg = Release|ARM
		{63277CB7-496D-4DD8-A487-0B8DD42A5A0E}.Ad-Hoc|ARM.Build.0 = Release|ARM
		{63277CB7-496D-4DD8-A487-0B8DD42A5A0E}.Ad-Hoc|ARM.Deploy.0 = Release|ARM
		{63277CB7-496D-4DD8-A487-0B8DD42A5A0E}.Ad-Hoc|iPhone.ActiveCfg = Release|x86
		{63277CB7-496D-4DD8-A487-0B8DD42A5A0E}.Ad-Hoc|iPhone.Build.0 = Release|x86
		{63277CB7-496D-4DD8-A487-0B8DD42A5A0E}.Ad-Hoc|iPhone.Deploy.0 = Release|x86
		{63277CB7-496D-4DD8-A487-0B8DD42A5A0E}.Ad-Hoc|iPhoneSimulator.ActiveCfg = Release|x86
		{63277CB7-496D-4DD8-A487-0B8DD42A5A0E}.Ad-Hoc|iPhoneSimulator.Build.0 = Release|x86
		{63277CB7-496D-4DD8-A487-0B8DD42A5A0E}.Ad-Hoc|iPhoneSimulator.Deploy.0 = Release|x86
		{63277CB7-496D-4DD8-A487-0B8DD42A5A0E}.Ad-Hoc|Mixed Platforms.ActiveCfg = Release|x86
		{63277CB7-496D-4DD8-A487-0B8DD42A5A0E}.Ad-Hoc|Mixed Platforms.Build.0 = Release|x86
		{63277CB7-496D-4DD8-A487-0B8DD42A5A0E}.Ad-Hoc|Mixed Platforms.Deploy.0 = Release|x86
		{63277CB7-496D-4DD8-A487-0B8DD42A5A0E}.Ad-Hoc|x64.ActiveCfg = Release|x64
		{63277CB7-496D-4DD8-A487-0B8DD42A5A0E}.Ad-Hoc|x64.Build.0 = Release|x64
		{63277CB7-496D-4DD8-A487-0B8DD42A5A0E}.Ad-Hoc|x64.Deploy.0 = Release|x64
		{63277CB7-496D-4DD8-A487-0B8DD42A5A0E}.Ad-Hoc|x86.ActiveCfg = Release|x86
		{63277CB7-496D-4DD8-A487-0B8DD42A5A0E}.Ad-Hoc|x86.Build.0 = Release|x86
		{63277CB7-496D-4DD8-A487-0B8DD42A5A0E}.Ad-Hoc|x86.Deploy.0 = Release|x86
		{63277CB7-496D-4DD8-A487-0B8DD42A5A0E}.AppStore|Any CPU.ActiveCfg = Release|x86
		{63277CB7-496D-4DD8-A487-0B8DD42A5A0E}.AppStore|Any CPU.Build.0 = Release|x86
		{63277CB7-496D-4DD8-A487-0B8DD42A5A0E}.AppStore|Any CPU.Deploy.0 = Release|x86
		{63277CB7-496D-4DD8-A487-0B8DD42A5A0E}.AppStore|ARM.ActiveCfg = Release|ARM
		{63277CB7-496D-4DD8-A487-0B8DD42A5A0E}.AppStore|ARM.Build.0 = Release|ARM
		{63277CB7-496D-4DD8-A487-0B8DD42A5A0E}.AppStore|ARM.Deploy.0 = Release|ARM
		{63277CB7-496D-4DD8-A487-0B8DD42A5A0E}.AppStore|iPhone.ActiveCfg = Release|x86
		{63277CB7-496D-4DD8-A487-0B8DD42A5A0E}.AppStore|iPhone.Build.0 = Release|x86
		{63277CB7-496D-4DD8-A487-0B8DD42A5A0E}.AppStore|iPhone.Deploy.0 = Release|x86
		{63277CB7-496D-4DD8-A487-0B8DD42A5A0E}.AppStore|iPhoneSimulator.ActiveCfg = Release|x86
		{63277CB7-496D-4DD8-A487-0B8DD42A5A0E}.AppStore|iPhoneSimulator.Build.0 = Release|x86
		{63277CB7-496D-4DD8-A487-0B8DD42A5A0E}.AppStore|iPhoneSimulator.Deploy.0 = Release|x86
		{63277CB7-496D-4DD8-A487-0B8DD42A5A0E}.AppStore|Mixed Platforms.ActiveCfg = Release|x86
		{63277CB7-496D-4DD8-A487-0B8DD42A5A0E}.AppStore|Mixed Platforms.Build.0 = Release|x86
		{63277CB7-496D-4DD8-A487-0B8DD42A5A0E}.AppStore|Mixed Platforms.Deploy.0 = Release|x86
		{63277CB7-496D-4DD8-A487-0B8DD42A5A0E}.AppStore|x64.ActiveCfg = Release|x64
		{63277CB7-496D-4DD8-A487-0B8DD42A5A0E}.AppStore|x64.Build.0 = Release|x64
		{63277CB7-496D-4DD8-A487-0B8DD42A5A0E}.AppStore|x64.Deploy.0 = Release|x64
		{63277CB7-496D-4DD8-A487-0B8DD42A5A0E}.AppStore|x86.ActiveCfg = Release|x86
		{63277CB7-496D-4DD8-A487-0B8DD42A5A0E}.AppStore|x86.Build.0 = Release|x86
		{63277CB7-496D-4DD8-A487-0B8DD42A5A0E}.AppStore|x86.Deploy.0 = Release|x86
		{63277CB7-496D-4DD8-A487-0B8DD42A5A0E}.Debug|Any CPU.ActiveCfg = Debug|x86
		{63277CB7-496D-4DD8-A487-0B8DD42A5A0E}.Debug|Any CPU.Build.0 = Debug|x86
		{63277CB7-496D-4DD8-A487-0B8DD42A5A0E}.Debug|Any CPU.Deploy.0 = Debug|x86
		{63277CB7-496D-4DD8-A487-0B8DD42A5A0E}.Debug|ARM.ActiveCfg = Debug|ARM
		{63277CB7-496D-4DD8-A487-0B8DD42A5A0E}.Debug|ARM.Build.0 = Debug|ARM
		{63277CB7-496D-4DD8-A487-0B8DD42A5A0E}.Debug|ARM.Deploy.0 = Debug|ARM
		{63277CB7-496D-4DD8-A487-0B8DD42A5A0E}.Debug|iPhone.ActiveCfg = Debug|x86
		{63277CB7-496D-4DD8-A487-0B8DD42A5A0E}.Debug|iPhoneSimulator.ActiveCfg = Debug|x86
		{63277CB7-496D-4DD8-A487-0B8DD42A5A0E}.Debug|Mixed Platforms.ActiveCfg = Debug|x86
		{63277CB7-496D-4DD8-A487-0B8DD42A5A0E}.Debug|Mixed Platforms.Build.0 = Debug|x86
		{63277CB7-496D-4DD8-A487-0B8DD42A5A0E}.Debug|Mixed Platforms.Deploy.0 = Debug|x86
		{63277CB7-496D-4DD8-A487-0B8DD42A5A0E}.Debug|x64.ActiveCfg = Debug|x64
		{63277CB7-496D-4DD8-A487-0B8DD42A5A0E}.Debug|x64.Build.0 = Debug|x64
		{63277CB7-496D-4DD8-A487-0B8DD42A5A0E}.Debug|x64.Deploy.0 = Debug|x64
		{63277CB7-496D-4DD8-A487-0B8DD42A5A0E}.Debug|x86.ActiveCfg = Debug|x86
		{63277CB7-496D-4DD8-A487-0B8DD42A5A0E}.Debug|x86.Build.0 = Debug|x86
		{63277CB7-496D-4DD8-A487-0B8DD42A5A0E}.Debug|x86.Deploy.0 = Debug|x86
		{63277CB7-496D-4DD8-A487-0B8DD42A5A0E}.Release|Any CPU.ActiveCfg = Release|x86
		{63277CB7-496D-4DD8-A487-0B8DD42A5A0E}.Release|Any CPU.Build.0 = Release|x86
		{63277CB7-496D-4DD8-A487-0B8DD42A5A0E}.Release|Any CPU.Deploy.0 = Release|x86
		{63277CB7-496D-4DD8-A487-0B8DD42A5A0E}.Release|ARM.ActiveCfg = Release|ARM
		{63277CB7-496D-4DD8-A487-0B8DD42A5A0E}.Release|ARM.Build.0 = Release|ARM
		{63277CB7-496D-4DD8-A487-0B8DD42A5A0E}.Release|ARM.Deploy.0 = Release|ARM
		{63277CB7-496D-4DD8-A487-0B8DD42A5A0E}.Release|iPhone.ActiveCfg = Release|x86
		{63277CB7-496D-4DD8-A487-0B8DD42A5A0E}.Release|iPhoneSimulator.ActiveCfg = Release|x86
		{63277CB7-496D-4DD8-A487-0B8DD42A5A0E}.Release|Mixed Platforms.ActiveCfg = Release|x86
		{63277CB7-496D-4DD8-A487-0B8DD42A5A0E}.Release|Mixed Platforms.Build.0 = Release|x86
		{63277CB7-496D-4DD8-A487-0B8DD42A5A0E}.Release|Mixed Platforms.Deploy.0 = Release|x86
		{63277CB7-496D-4DD8-A487-0B8DD42A5A0E}.Release|x64.ActiveCfg = Release|x64
		{63277CB7-496D-4DD8-A487-0B8DD42A5A0E}.Release|x64.Build.0 = Release|x64
		{63277CB7-496D-4DD8-A487-0B8DD42A5A0E}.Release|x64.Deploy.0 = Release|x64
		{63277CB7-496D-4DD8-A487-0B8DD42A5A0E}.Release|x86.ActiveCfg = Release|x86
		{63277CB7-496D-4DD8-A487-0B8DD42A5A0E}.Release|x86.Build.0 = Release|x86
		{63277CB7-496D-4DD8-A487-0B8DD42A5A0E}.Release|x86.Deploy.0 = Release|x86
	EndGlobalSection
	GlobalSection(SolutionProperties) = preSolution
		HideSolutionNode = FALSE
	EndGlobalSection
	GlobalSection(NestedProjects) = preSolution
		{7FAE57E6-CFEE-465C-BC1E-817DE24E6DBF} = {936D9D98-5EF6-42FB-9A60-326F48F8AE24}
		{7D702A22-1151-48DE-AFE1-99D9B8132392} = {936D9D98-5EF6-42FB-9A60-326F48F8AE24}
		{14617070-2652-4F48-BC5C-DE3052BF2ACD} = {936D9D98-5EF6-42FB-9A60-326F48F8AE24}
		{9AB53FDD-2740-4166-AF54-D7B181944666} = {BB64594C-C44D-4995-A28F-05D1742633AB}
		{80780B7E-2F9E-4897-8EA3-293207DB1B23} = {BB64594C-C44D-4995-A28F-05D1742633AB}
		{22D8F007-DE79-4026-80F2-6CCB55C138D1} = {BB64594C-C44D-4995-A28F-05D1742633AB}
		{1CF55EC8-FCA5-4909-B37B-57B16423F1C9} = {BB64594C-C44D-4995-A28F-05D1742633AB}
		{E4741EE2-1594-4630-A604-B32CFFB1A1C1} = {BB64594C-C44D-4995-A28F-05D1742633AB}
		{63277CB7-496D-4DD8-A487-0B8DD42A5A0E} = {BB64594C-C44D-4995-A28F-05D1742633AB}
	EndGlobalSection
EndGlobal
